// !$*UTF8*$!
{
	archiveVersion = 1;
	classes = {
	};
	objectVersion = 51;
	objects = {

/* Begin PBXBuildFile section */
		5A588A0AC48DEDFAF0BF2308 /* Pods_GCDAsyncSocketDemo.framework in Frameworks */ = {isa = PBXBuildFile; fileRef = D353C54B4D3CF070E262A7DE /* Pods_GCDAsyncSocketDemo.framework */; };
		85D08B272340846700E9D1D3 /* AppDelegate.m in Sources */ = {isa = PBXBuildFile; fileRef = 85D08B262340846700E9D1D3 /* AppDelegate.m */; };
		85D08B2A2340846700E9D1D3 /* SceneDelegate.m in Sources */ = {isa = PBXBuildFile; fileRef = 85D08B292340846700E9D1D3 /* SceneDelegate.m */; };
		85D08B2D2340846700E9D1D3 /* ViewController.m in Sources */ = {isa = PBXBuildFile; fileRef = 85D08B2C2340846700E9D1D3 /* ViewController.m */; };
		85D08B302340846700E9D1D3 /* Main.storyboard in Resources */ = {isa = PBXBuildFile; fileRef = 85D08B2E2340846700E9D1D3 /* Main.storyboard */; };
		85D08B322340846900E9D1D3 /* Assets.xcassets in Resources */ = {isa = PBXBuildFile; fileRef = 85D08B312340846900E9D1D3 /* Assets.xcassets */; };
		85D08B352340846900E9D1D3 /* LaunchScreen.storyboard in Resources */ = {isa = PBXBuildFile; fileRef = 85D08B332340846900E9D1D3 /* LaunchScreen.storyboard */; };
		85D08B382340846900E9D1D3 /* main.m in Sources */ = {isa = PBXBuildFile; fileRef = 85D08B372340846900E9D1D3 /* main.m */; };
		85D08B4423408B8300E9D1D3 /* UDPViewController.m in Sources */ = {isa = PBXBuildFile; fileRef = 85D08B4323408B8300E9D1D3 /* UDPViewController.m */; };
		85D08B4723408B8C00E9D1D3 /* TCPViewController.m in Sources */ = {isa = PBXBuildFile; fileRef = 85D08B4623408B8C00E9D1D3 /* TCPViewController.m */; };
/* End PBXBuildFile section */

/* Begin PBXFileReference section */
		168CBE5AFBFCF2C115B905D9 /* Pods-GCDAsyncSocketDemo.debug.xcconfig */ = {isa = PBXFileReference; includeInIndex = 1; lastKnownFileType = text.xcconfig; name = "Pods-GCDAsyncSocketDemo.debug.xcconfig"; path = "Target Support Files/Pods-GCDAsyncSocketDemo/Pods-GCDAsyncSocketDemo.debug.xcconfig"; sourceTree = "<group>"; };
		303B7AF8F22F38AD9F04F40A /* Pods-GCDAsyncSocketDemo.release.xcconfig */ = {isa = PBXFileReference; includeInIndex = 1; lastKnownFileType = text.xcconfig; name = "Pods-GCDAsyncSocketDemo.release.xcconfig"; path = "Target Support Files/Pods-GCDAsyncSocketDemo/Pods-GCDAsyncSocketDemo.release.xcconfig"; sourceTree = "<group>"; };
		85D08B222340846700E9D1D3 /* GCDAsyncSocketDemo.app */ = {isa = PBXFileReference; explicitFileType = wrapper.application; includeInIndex = 0; path = GCDAsyncSocketDemo.app; sourceTree = BUILT_PRODUCTS_DIR; };
		85D08B252340846700E9D1D3 /* AppDelegate.h */ = {isa = PBXFileReference; lastKnownFileType = sourcecode.c.h; path = AppDelegate.h; sourceTree = "<group>"; };
		85D08B262340846700E9D1D3 /* AppDelegate.m */ = {isa = PBXFileReference; lastKnownFileType = sourcecode.c.objc; path = AppDelegate.m; sourceTree = "<group>"; };
		85D08B282340846700E9D1D3 /* SceneDelegate.h */ = {isa = PBXFileReference; lastKnownFileType = sourcecode.c.h; path = SceneDelegate.h; sourceTree = "<group>"; };
		85D08B292340846700E9D1D3 /* SceneDelegate.m */ = {isa = PBXFileReference; lastKnownFileType = sourcecode.c.objc; path = SceneDelegate.m; sourceTree = "<group>"; };
		85D08B2B2340846700E9D1D3 /* ViewController.h */ = {isa = PBXFileReference; lastKnownFileType = sourcecode.c.h; path = ViewController.h; sourceTree = "<group>"; };
		85D08B2C2340846700E9D1D3 /* ViewController.m */ = {isa = PBXFileReference; lastKnownFileType = sourcecode.c.objc; path = ViewController.m; sourceTree = "<group>"; };
		85D08B2F2340846700E9D1D3 /* Base */ = {isa = PBXFileReference; lastKnownFileType = file.storyboard; name = Base; path = Base.lproj/Main.storyboard; sourceTree = "<group>"; };
		85D08B312340846900E9D1D3 /* Assets.xcassets */ = {isa = PBXFileReference; lastKnownFileType = folder.assetcatalog; path = Assets.xcassets; sourceTree = "<group>"; };
		85D08B342340846900E9D1D3 /* Base */ = {isa = PBXFileReference; lastKnownFileType = file.storyboard; name = Base; path = Base.lproj/LaunchScreen.storyboard; sourceTree = "<group>"; };
		85D08B362340846900E9D1D3 /* Info.plist */ = {isa = PBXFileReference; lastKnownFileType = text.plist.xml; path = Info.plist; sourceTree = "<group>"; };
		85D08B372340846900E9D1D3 /* main.m */ = {isa = PBXFileReference; lastKnownFileType = sourcecode.c.objc; path = main.m; sourceTree = "<group>"; };
		85D08B4223408B8300E9D1D3 /* UDPViewController.h */ = {isa = PBXFileReference; lastKnownFileType = sourcecode.c.h; path = UDPViewController.h; sourceTree = "<group>"; };
		85D08B4323408B8300E9D1D3 /* UDPViewController.m */ = {isa = PBXFileReference; lastKnownFileType = sourcecode.c.objc; path = UDPViewController.m; sourceTree = "<group>"; };
		85D08B4523408B8C00E9D1D3 /* TCPViewController.h */ = {isa = PBXFileReference; lastKnownFileType = sourcecode.c.h; path = TCPViewController.h; sourceTree = "<group>"; };
		85D08B4623408B8C00E9D1D3 /* TCPViewController.m */ = {isa = PBXFileReference; lastKnownFileType = sourcecode.c.objc; path = TCPViewController.m; sourceTree = "<group>"; };
		D353C54B4D3CF070E262A7DE /* Pods_GCDAsyncSocketDemo.framework */ = {isa = PBXFileReference; explicitFileType = wrapper.framework; includeInIndex = 0; path = Pods_GCDAsyncSocketDemo.framework; sourceTree = BUILT_PRODUCTS_DIR; };
/* End PBXFileReference section */

/* Begin PBXFrameworksBuildPhase section */
		85D08B1F2340846700E9D1D3 /* Frameworks */ = {
			isa = PBXFrameworksBuildPhase;
			buildActionMask = 2147483647;
			files = (
				5A588A0AC48DEDFAF0BF2308 /* Pods_GCDAsyncSocketDemo.framework in Frameworks */,
			);
			runOnlyForDeploymentPostprocessing = 0;
		};
/* End PBXFrameworksBuildPhase section */

/* Begin PBXGroup section */
		85D08B192340846700E9D1D3 = {
			isa = PBXGroup;
			children = (
				85D08B242340846700E9D1D3 /* GCDAsyncSocketDemo */,
				85D08B232340846700E9D1D3 /* Products */,
				F0BD66ACC635F6B1C55D74B0 /* Pods */,
				A1C9B9F54503170BE278737E /* Frameworks */,
			);
			sourceTree = "<group>";
		};
		85D08B232340846700E9D1D3 /* Products */ = {
			isa = PBXGroup;
			children = (
				85D08B222340846700E9D1D3 /* GCDAsyncSocketDemo.app */,
			);
			name = Products;
			sourceTree = "<group>";
		};
		85D08B242340846700E9D1D3 /* GCDAsyncSocketDemo */ = {
			isa = PBXGroup;
			children = (
				85D08B252340846700E9D1D3 /* AppDelegate.h */,
				85D08B262340846700E9D1D3 /* AppDelegate.m */,
				85D08B282340846700E9D1D3 /* SceneDelegate.h */,
				85D08B292340846700E9D1D3 /* SceneDelegate.m */,
				85D08B2B2340846700E9D1D3 /* ViewController.h */,
				85D08B2C2340846700E9D1D3 /* ViewController.m */,
				85D08B4223408B8300E9D1D3 /* UDPViewController.h */,
				85D08B4323408B8300E9D1D3 /* UDPViewController.m */,
				85D08B4523408B8C00E9D1D3 /* TCPViewController.h */,
				85D08B4623408B8C00E9D1D3 /* TCPViewController.m */,
				85D08B2E2340846700E9D1D3 /* Main.storyboard */,
				85D08B312340846900E9D1D3 /* Assets.xcassets */,
				85D08B332340846900E9D1D3 /* LaunchScreen.storyboard */,
				85D08B362340846900E9D1D3 /* Info.plist */,
				85D08B372340846900E9D1D3 /* main.m */,
			);
			path = GCDAsyncSocketDemo;
			sourceTree = "<group>";
		};
		A1C9B9F54503170BE278737E /* Frameworks */ = {
			isa = PBXGroup;
			children = (
				D353C54B4D3CF070E262A7DE /* Pods_GCDAsyncSocketDemo.framework */,
			);
			name = Frameworks;
			sourceTree = "<group>";
		};
		F0BD66ACC635F6B1C55D74B0 /* Pods */ = {
			isa = PBXGroup;
			children = (
				168CBE5AFBFCF2C115B905D9 /* Pods-GCDAsyncSocketDemo.debug.xcconfig */,
				303B7AF8F22F38AD9F04F40A /* Pods-GCDAsyncSocketDemo.release.xcconfig */,
			);
			path = Pods;
			sourceTree = "<group>";
		};
/* End PBXGroup section */

/* Begin PBXNativeTarget section */
		85D08B212340846700E9D1D3 /* GCDAsyncSocketDemo */ = {
			isa = PBXNativeTarget;
			buildConfigurationList = 85D08B3B2340846900E9D1D3 /* Build configuration list for PBXNativeTarget "GCDAsyncSocketDemo" */;
			buildPhases = (
				7BB0BC10EF9972A3273BC192 /* [CP] Check Pods Manifest.lock */,
				85D08B1E2340846700E9D1D3 /* Sources */,
				85D08B1F2340846700E9D1D3 /* Frameworks */,
				85D08B202340846700E9D1D3 /* Resources */,
				76769B7FFCECD8F6E59BACFC /* [CP] Embed Pods Frameworks */,
			);
			buildRules = (
			);
			dependencies = (
			);
			name = GCDAsyncSocketDemo;
			productName = GCDAsyncSocketDemo;
			productReference = 85D08B222340846700E9D1D3 /* GCDAsyncSocketDemo.app */;
			productType = "com.apple.product-type.application";
		};
/* End PBXNativeTarget section */

/* Begin PBXProject section */
		85D08B1A2340846700E9D1D3 /* Project object */ = {
			isa = PBXProject;
			attributes = {
				LastUpgradeCheck = 1100;
				ORGANIZATIONNAME = Tongfy;
				TargetAttributes = {
					85D08B212340846700E9D1D3 = {
						CreatedOnToolsVersion = 11.0;
					};
				};
			};
			buildConfigurationList = 85D08B1D2340846700E9D1D3 /* Build configuration list for PBXProject "GCDAsyncSocketDemo" */;
			compatibilityVersion = "Xcode 9.3";
			developmentRegion = en;
			hasScannedForEncodings = 0;
			knownRegions = (
				en,
				Base,
			);
			mainGroup = 85D08B192340846700E9D1D3;
			productRefGroup = 85D08B232340846700E9D1D3 /* Products */;
			projectDirPath = "";
			projectRoot = "";
			targets = (
				85D08B212340846700E9D1D3 /* GCDAsyncSocketDemo */,
			);
		};
/* End PBXProject section */

/* Begin PBXResourcesBuildPhase section */
		85D08B202340846700E9D1D3 /* Resources */ = {
			isa = PBXResourcesBuildPhase;
			buildActionMask = 2147483647;
			files = (
				85D08B352340846900E9D1D3 /* LaunchScreen.storyboard in Resources */,
				85D08B322340846900E9D1D3 /* Assets.xcassets in Resources */,
				85D08B302340846700E9D1D3 /* Main.storyboard in Resources */,
			);
			runOnlyForDeploymentPostprocessing = 0;
		};
/* End PBXResourcesBuildPhase section */

/* Begin PBXShellScriptBuildPhase section */
		76769B7FFCECD8F6E59BACFC /* [CP] Embed Pods Frameworks */ = {
			isa = PBXShellScriptBuildPhase;
			buildActionMask = 2147483647;
			files = (
			);
			inputFileListPaths = (
				"${PODS_ROOT}/Target Support Files/Pods-GCDAsyncSocketDemo/Pods-GCDAsyncSocketDemo-frameworks-${CONFIGURATION}-input-files.xcfilelist",
			);
			name = "[CP] Embed Pods Frameworks";
			outputFileListPaths = (
				"${PODS_ROOT}/Target Support Files/Pods-GCDAsyncSocketDemo/Pods-GCDAsyncSocketDemo-frameworks-${CONFIGURATION}-output-files.xcfilelist",
			);
			runOnlyForDeploymentPostprocessing = 0;
			shellPath = /bin/sh;
			shellScript = "\"${PODS_ROOT}/Target Support Files/Pods-GCDAsyncSocketDemo/Pods-GCDAsyncSocketDemo-frameworks.sh\"\n";
			showEnvVarsInLog = 0;
		};
		7BB0BC10EF9972A3273BC192 /* [CP] Check Pods Manifest.lock */ = {
			isa = PBXShellScriptBuildPhase;
			buildActionMask = 2147483647;
			files = (
			);
			inputFileListPaths = (
			);
			inputPaths = (
				"${PODS_PODFILE_DIR_PATH}/Podfile.lock",
				"${PODS_ROOT}/Manifest.lock",
			);
			name = "[CP] Check Pods Manifest.lock";
			outputFileListPaths = (
			);
			outputPaths = (
				"$(DERIVED_FILE_DIR)/Pods-GCDAsyncSocketDemo-checkManifestLockResult.txt",
			);
			runOnlyForDeploymentPostprocessing = 0;
			shellPath = /bin/sh;
			shellScript = "diff \"${PODS_PODFILE_DIR_PATH}/Podfile.lock\" \"${PODS_ROOT}/Manifest.lock\" > /dev/null\nif [ $? != 0 ] ; then\n    # print error to STDERR\n    echo \"error: The sandbox is not in sync with the Podfile.lock. Run 'pod install' or update your CocoaPods installation.\" >&2\n    exit 1\nfi\n# This output is used by Xcode 'outputs' to avoid re-running this script phase.\necho \"SUCCESS\" > \"${SCRIPT_OUTPUT_FILE_0}\"\n";
			showEnvVarsInLog = 0;
		};
/* End PBXShellScriptBuildPhase section */

/* Begin PBXSourcesBuildPhase section */
		85D08B1E2340846700E9D1D3 /* Sources */ = {
			isa = PBXSourcesBuildPhase;
			buildActionMask = 2147483647;
			files = (
				85D08B2D2340846700E9D1D3 /* ViewController.m in Sources */,
				85D08B272340846700E9D1D3 /* AppDelegate.m in Sources */,
				85D08B4723408B8C00E9D1D3 /* TCPViewController.m in Sources */,
				85D08B4423408B8300E9D1D3 /* UDPViewController.m in Sources */,
				85D08B382340846900E9D1D3 /* main.m in Sources */,
				85D08B2A2340846700E9D1D3 /* SceneDelegate.m in Sources */,
			);
			runOnlyForDeploymentPostprocessing = 0;
		};
/* End PBXSourcesBuildPhase section */

/* Begin PBXVariantGroup section */
		85D08B2E2340846700E9D1D3 /* Main.storyboard */ = {
			isa = PBXVariantGroup;
			children = (
				85D08B2F2340846700E9D1D3 /* Base */,
			);
			name = Main.storyboard;
			sourceTree = "<group>";
		};
		85D08B332340846900E9D1D3 /* LaunchScreen.storyboard */ = {
			isa = PBXVariantGroup;
			children = (
				85D08B342340846900E9D1D3 /* Base */,
			);
			name = LaunchScreen.storyboard;
			sourceTree = "<group>";
		};
/* End PBXVariantGroup section */

/* Begin XCBuildConfiguration section */
		85D08B392340846900E9D1D3 /* Debug */ = {
			isa = XCBuildConfiguration;
			buildSettings = {
				ALWAYS_SEARCH_USER_PATHS = NO;
				CLANG_ANALYZER_NONNULL = YES;
				CLANG_ANALYZER_NUMBER_OBJECT_CONVERSION = YES_AGGRESSIVE;
				CLANG_CXX_LANGUAGE_STANDARD = "gnu++14";
				CLANG_CXX_LIBRARY = "libc++";
				CLANG_ENABLE_MODULES = YES;
				CLANG_ENABLE_OBJC_ARC = YES;
				CLANG_ENABLE_OBJC_WEAK = YES;
				CLANG_WARN_BLOCK_CAPTURE_AUTORELEASING = YES;
				CLANG_WARN_BOOL_CONVERSION = YES;
				CLANG_WARN_COMMA = YES;
				CLANG_WARN_CONSTANT_CONVERSION = YES;
				CLANG_WARN_DEPRECATED_OBJC_IMPLEMENTATIONS = YES;
				CLANG_WARN_DIRECT_OBJC_ISA_USAGE = YES_ERROR;
				CLANG_WARN_DOCUMENTATION_COMMENTS = YES;
				CLANG_WARN_EMPTY_BODY = YES;
				CLANG_WARN_ENUM_CONVERSION = YES;
				CLANG_WARN_INFINITE_RECURSION = YES;
				CLANG_WARN_INT_CONVERSION = YES;
				CLANG_WARN_NON_LITERAL_NULL_CONVERSION = YES;
				CLANG_WARN_OBJC_IMPLICIT_RETAIN_SELF = YES;
				CLANG_WARN_OBJC_LITERAL_CONVERSION = YES;
				CLANG_WARN_OBJC_ROOT_CLASS = YES_ERROR;
				CLANG_WARN_RANGE_LOOP_ANALYSIS = YES;
				CLANG_WARN_STRICT_PROTOTYPES = YES;
				CLANG_WARN_SUSPICIOUS_MOVE = YES;
				CLANG_WARN_UNGUARDED_AVAILABILITY = YES_AGGRESSIVE;
				CLANG_WARN_UNREACHABLE_CODE = YES;
				CLANG_WARN__DUPLICATE_METHOD_MATCH = YES;
				COPY_PHASE_STRIP = NO;
				DEBUG_INFORMATION_FORMAT = dwarf;
				ENABLE_STRICT_OBJC_MSGSEND = YES;
				ENABLE_TESTABILITY = YES;
				GCC_C_LANGUAGE_STANDARD = gnu11;
				GCC_DYNAMIC_NO_PIC = NO;
				GCC_NO_COMMON_BLOCKS = YES;
				GCC_OPTIMIZATION_LEVEL = 0;
				GCC_PREPROCESSOR_DEFINITIONS = (
					"DEBUG=1",
					"$(inherited)",
				);
				GCC_WARN_64_TO_32_BIT_CONVERSION = YES;
				GCC_WARN_ABOUT_RETURN_TYPE = YES_ERROR;
				GCC_WARN_UNDECLARED_SELECTOR = YES;
				GCC_WARN_UNINITIALIZED_AUTOS = YES_AGGRESSIVE;
				GCC_WARN_UNUSED_FUNCTION = YES;
				GCC_WARN_UNUSED_VARIABLE = YES;
				IPHONEOS_DEPLOYMENT_TARGET = 13.0;
				MTL_ENABLE_DEBUG_INFO = INCLUDE_SOURCE;
				MTL_FAST_MATH = YES;
				ONLY_ACTIVE_ARCH = YES;
				SDKROOT = iphoneos;
			};
			name = Debug;
		};
		85D08B3A2340846900E9D1D3 /* Release */ = {
			isa = XCBuildConfiguration;
			buildSettings = {
				ALWAYS_SEARCH_USER_PATHS = NO;
				CLANG_ANALYZER_NONNULL = YES;
				CLANG_ANALYZER_NUMBER_OBJECT_CONVERSION = YES_AGGRESSIVE;
				CLANG_CXX_LANGUAGE_STANDARD = "gnu++14";
				CLANG_CXX_LIBRARY = "libc++";
				CLANG_ENABLE_MODULES = YES;
				CLANG_ENABLE_OBJC_ARC = YES;
				CLANG_ENABLE_OBJC_WEAK = YES;
				CLANG_WARN_BLOCK_CAPTURE_AUTORELEASING = YES;
				CLANG_WARN_BOOL_CONVERSION = YES;
				CLANG_WARN_COMMA = YES;
				CLANG_WARN_CONSTANT_CONVERSION = YES;
				CLANG_WARN_DEPRECATED_OBJC_IMPLEMENTATIONS = YES;
				CLANG_WARN_DIRECT_OBJC_ISA_USAGE = YES_ERROR;
				CLANG_WARN_DOCUMENTATION_COMMENTS = YES;
				CLANG_WARN_EMPTY_BODY = YES;
				CLANG_WARN_ENUM_CONVERSION = YES;
				CLANG_WARN_INFINITE_RECURSION = YES;
				CLANG_WARN_INT_CONVERSION = YES;
				CLANG_WARN_NON_LITERAL_NULL_CONVERSION = YES;
				CLANG_WARN_OBJC_IMPLICIT_RETAIN_SELF = YES;
				CLANG_WARN_OBJC_LITERAL_CONVERSION = YES;
				CLANG_WARN_OBJC_ROOT_CLASS = YES_ERROR;
				CLANG_WARN_RANGE_LOOP_ANALYSIS = YES;
				CLANG_WARN_STRICT_PROTOTYPES = YES;
				CLANG_WARN_SUSPICIOUS_MOVE = YES;
				CLANG_WARN_UNGUARDED_AVAILABILITY = YES_AGGRESSIVE;
				CLANG_WARN_UNREACHABLE_CODE = YES;
				CLANG_WARN__DUPLICATE_METHOD_MATCH = YES;
				COPY_PHASE_STRIP = NO;
				DEBUG_INFORMATION_FORMAT = "dwarf-with-dsym";
				ENABLE_NS_ASSERTIONS = NO;
				ENABLE_STRICT_OBJC_MSGSEND = YES;
				GCC_C_LANGUAGE_STANDARD = gnu11;
				GCC_NO_COMMON_BLOCKS = YES;
				GCC_WARN_64_TO_32_BIT_CONVERSION = YES;
				GCC_WARN_ABOUT_RETURN_TYPE = YES_ERROR;
				GCC_WARN_UNDECLARED_SELECTOR = YES;
				GCC_WARN_UNINITIALIZED_AUTOS = YES_AGGRESSIVE;
				GCC_WARN_UNUSED_FUNCTION = YES;
				GCC_WARN_UNUSED_VARIABLE = YES;
				IPHONEOS_DEPLOYMENT_TARGET = 13.0;
				MTL_ENABLE_DEBUG_INFO = NO;
				MTL_FAST_MATH = YES;
				SDKROOT = iphoneos;
				VALIDATE_PRODUCT = YES;
			};
			name = Release;
		};
		85D08B3C2340846900E9D1D3 /* Debug */ = {
			isa = XCBuildConfiguration;
			baseConfigurationReference = 168CBE5AFBFCF2C115B905D9 /* Pods-GCDAsyncSocketDemo.debug.xcconfig */;
			buildSettings = {
				ASSETCATALOG_COMPILER_APPICON_NAME = AppIcon;
				CODE_SIGN_STYLE = Automatic;
				DEVELOPMENT_TEAM = Q6GAG79FX3;
				INFOPLIST_FILE = GCDAsyncSocketDemo/Info.plist;
				IPHONEOS_DEPLOYMENT_TARGET = 9.0;
				LD_RUNPATH_SEARCH_PATHS = (
					"$(inherited)",
					"@executable_path/Frameworks",
				);
				PRODUCT_BUNDLE_IDENTIFIER = com.tong.GCDAsyncSocketDemo;
				PRODUCT_NAME = "$(TARGET_NAME)";
				TARGETED_DEVICE_FAMILY = 1;
			};
			name = Debug;
		};
		85D08B3D2340846900E9D1D3 /* Release */ = {
			isa = XCBuildConfiguration;
			baseConfigurationReference = 303B7AF8F22F38AD9F04F40A /* Pods-GCDAsyncSocketDemo.release.xcconfig */;
			buildSettings = {
				ASSETCATALOG_COMPILER_APPICON_NAME = AppIcon;
				CODE_SIGN_STYLE = Automatic;
				DEVELOPMENT_TEAM = 5PK3MYTY26;
				INFOPLIST_FILE = GCDAsyncSocketDemo/Info.plist;
				IPHONEOS_DEPLOYMENT_TARGET = 9.0;
				LD_RUNPATH_SEARCH_PATHS = (
					"$(inherited)",
					"@executable_path/Frameworks",
				);
				PRODUCT_BUNDLE_IDENTIFIER = com.tong.GCDAsyncSocketDemo;
				PRODUCT_NAME = "$(TARGET_NAME)";
				TARGETED_DEVICE_FAMILY = 1;
			};
			name = Release;
		};
/* End XCBuildConfiguration section */

/* Begin XCConfigurationList section */
		85D08B1D2340846700E9D1D3 /* Build configuration list for PBXProject "GCDAsyncSocketDemo" */ = {
			isa = XCConfigurationList;
			buildConfigurations = (
				85D08B392340846900E9D1D3 /* Debug */,
				85D08B3A2340846900E9D1D3 /* Release */,
			);
			defaultConfigurationIsVisible = 0;
			defaultConfigurationName = Release;
		};
		85D08B3B2340846900E9D1D3 /* Build configuration list for PBXNativeTarget "GCDAsyncSocketDemo" */ = {
			isa = XCConfigurationList;
			buildConfigurations = (
				85D08B3C2340846900E9D1D3 /* Debug */,
				85D08B3D2340846900E9D1D3 /* Release */,
			);
			defaultConfigurationIsVisible = 0;
			defaultConfigurationName = Release;
		};
/* End XCConfigurationList section */
	};
	rootObject = 85D08B1A2340846700E9D1D3 /* Project object */;
}
