// !$*UTF8*$!
{
	archiveVersion = 1;
	classes = {
	};
	objectVersion = 50;
	objects = {

/* Begin PBXBuildFile section */
		84075B8F2177256B0062F2B3 /* AppDelegate.m in Sources */ = {isa = PBXBuildFile; fileRef = 84075B8E2177256B0062F2B3 /* AppDelegate.m */; };
		84075B922177256B0062F2B3 /* ViewController.m in Sources */ = {isa = PBXBuildFile; fileRef = 84075B912177256B0062F2B3 /* ViewController.m */; };
		84075B952177256B0062F2B3 /* Main.storyboard in Resources */ = {isa = PBXBuildFile; fileRef = 84075B932177256B0062F2B3 /* Main.storyboard */; };
		84075B97217725760062F2B3 /* Assets.xcassets in Resources */ = {isa = PBXBuildFile; fileRef = 84075B96217725760062F2B3 /* Assets.xcassets */; };
		84075B9A217725760062F2B3 /* LaunchScreen.storyboard in Resources */ = {isa = PBXBuildFile; fileRef = 84075B98217725760062F2B3 /* LaunchScreen.storyboard */; };
		84075B9D217725760062F2B3 /* main.m in Sources */ = {isa = PBXBuildFile; fileRef = 84075B9C217725760062F2B3 /* main.m */; };
		84075BA4217725AB0062F2B3 /* yw_1222.jpg in Resources */ = {isa = PBXBuildFile; fileRef = 84075BA3217725AB0062F2B3 /* yw_1222.jpg */; };
		84075BA6217726200062F2B3 /* AlibabaAuthSDK.framework in Frameworks */ = {isa = PBXBuildFile; fileRef = 84075BA5217726200062F2B3 /* AlibabaAuthSDK.framework */; };
/* End PBXBuildFile section */

/* Begin PBXFileReference section */
		84075B8A2177256B0062F2B3 /* TabaoAuthDemo.app */ = {isa = PBXFileReference; explicitFileType = wrapper.application; includeInIndex = 0; path = TabaoAuthDemo.app; sourceTree = BUILT_PRODUCTS_DIR; };
		84075B8D2177256B0062F2B3 /* AppDelegate.h */ = {isa = PBXFileReference; lastKnownFileType = sourcecode.c.h; path = AppDelegate.h; sourceTree = "<group>"; };
		84075B8E2177256B0062F2B3 /* AppDelegate.m */ = {isa = PBXFileReference; lastKnownFileType = sourcecode.c.objc; path = AppDelegate.m; sourceTree = "<group>"; };
		84075B902177256B0062F2B3 /* ViewController.h */ = {isa = PBXFileReference; lastKnownFileType = sourcecode.c.h; path = ViewController.h; sourceTree = "<group>"; };
		84075B912177256B0062F2B3 /* ViewController.m */ = {isa = PBXFileReference; lastKnownFileType = sourcecode.c.objc; path = ViewController.m; sourceTree = "<group>"; };
		84075B942177256B0062F2B3 /* Base */ = {isa = PBXFileReference; lastKnownFileType = file.storyboard; name = Base; path = Base.lproj/Main.storyboard; sourceTree = "<group>"; };
		84075B96217725760062F2B3 /* Assets.xcassets */ = {isa = PBXFileReference; lastKnownFileType = folder.assetcatalog; path = Assets.xcassets; sourceTree = "<group>"; };
		84075B99217725760062F2B3 /* Base */ = {isa = PBXFileReference; lastKnownFileType = file.storyboard; name = Base; path = Base.lproj/LaunchScreen.storyboard; sourceTree = "<group>"; };
		84075B9B217725760062F2B3 /* Info.plist */ = {isa = PBXFileReference; lastKnownFileType = text.plist.xml; path = Info.plist; sourceTree = "<group>"; };
		84075B9C217725760062F2B3 /* main.m */ = {isa = PBXFileReference; lastKnownFileType = sourcecode.c.objc; path = main.m; sourceTree = "<group>"; };
		84075BA3217725AB0062F2B3 /* yw_1222.jpg */ = {isa = PBXFileReference; lastKnownFileType = image.jpeg; path = yw_1222.jpg; sourceTree = "<group>"; };
		84075BA5217726200062F2B3 /* AlibabaAuthSDK.framework */ = {isa = PBXFileReference; lastKnownFileType = wrapper.framework; path = AlibabaAuthSDK.framework; sourceTree = "<group>"; };
/* End PBXFileReference section */

/* Begin PBXFrameworksBuildPhase section */
		84075B872177256B0062F2B3 /* Frameworks */ = {
			isa = PBXFrameworksBuildPhase;
			buildActionMask = 2147483647;
			files = (
				84075BA6217726200062F2B3 /* AlibabaAuthSDK.framework in Frameworks */,
			);
			runOnlyForDeploymentPostprocessing = 0;
		};
/* End PBXFrameworksBuildPhase section */

/* Begin PBXGroup section */
		84075B812177256B0062F2B3 = {
			isa = PBXGroup;
			children = (
				84075BA3217725AB0062F2B3 /* yw_1222.jpg */,
				84075BA5217726200062F2B3 /* AlibabaAuthSDK.framework */,
				84075B8C2177256B0062F2B3 /* TabaoAuthDemo */,
				84075B8B2177256B0062F2B3 /* Products */,
			);
			sourceTree = "<group>";
		};
		84075B8B2177256B0062F2B3 /* Products */ = {
			isa = PBXGroup;
			children = (
				84075B8A2177256B0062F2B3 /* TabaoAuthDemo.app */,
			);
			name = Products;
			sourceTree = "<group>";
		};
		84075B8C2177256B0062F2B3 /* TabaoAuthDemo */ = {
			isa = PBXGroup;
			children = (
				84075B8D2177256B0062F2B3 /* AppDelegate.h */,
				84075B8E2177256B0062F2B3 /* AppDelegate.m */,
				84075B902177256B0062F2B3 /* ViewController.h */,
				84075B912177256B0062F2B3 /* ViewController.m */,
				84075B932177256B0062F2B3 /* Main.storyboard */,
				84075B96217725760062F2B3 /* Assets.xcassets */,
				84075B98217725760062F2B3 /* LaunchScreen.storyboard */,
				84075B9B217725760062F2B3 /* Info.plist */,
				84075B9C217725760062F2B3 /* main.m */,
			);
			path = TabaoAuthDemo;
			sourceTree = "<group>";
		};
/* End PBXGroup section */

/* Begin PBXNativeTarget section */
		84075B892177256B0062F2B3 /* TabaoAuthDemo */ = {
			isa = PBXNativeTarget;
			buildConfigurationList = 84075BA0217725760062F2B3 /* Build configuration list for PBXNativeTarget "TabaoAuthDemo" */;
			buildPhases = (
				84075B862177256B0062F2B3 /* Sources */,
				84075B872177256B0062F2B3 /* Frameworks */,
				84075B882177256B0062F2B3 /* Resources */,
			);
			buildRules = (
			);
			dependencies = (
			);
			name = TabaoAuthDemo;
			productName = TabaoAuthDemo;
			productReference = 84075B8A2177256B0062F2B3 /* TabaoAuthDemo.app */;
			productType = "com.apple.product-type.application";
		};
/* End PBXNativeTarget section */

/* Begin PBXProject section */
		84075B822177256B0062F2B3 /* Project object */ = {
			isa = PBXProject;
			attributes = {
				LastUpgradeCheck = 0940;
				ORGANIZATIONNAME = tongfy;
				TargetAttributes = {
					84075B892177256B0062F2B3 = {
						CreatedOnToolsVersion = 9.4.1;
					};
				};
			};
			buildConfigurationList = 84075B852177256B0062F2B3 /* Build configuration list for PBXProject "TabaoAuthDemo" */;
			compatibilityVersion = "Xcode 9.3";
			developmentRegion = en;
			hasScannedForEncodings = 0;
			knownRegions = (
				en,
				Base,
			);
			mainGroup = 84075B812177256B0062F2B3;
			productRefGroup = 84075B8B2177256B0062F2B3 /* Products */;
			projectDirPath = "";
			projectRoot = "";
			targets = (
				84075B892177256B0062F2B3 /* TabaoAuthDemo */,
			);
		};
/* End PBXProject section */

/* Begin PBXResourcesBuildPhase section */
		84075B882177256B0062F2B3 /* Resources */ = {
			isa = PBXResourcesBuildPhase;
			buildActionMask = 2147483647;
			files = (
				84075BA4217725AB0062F2B3 /* yw_1222.jpg in Resources */,
				84075B9A217725760062F2B3 /* LaunchScreen.storyboard in Resources */,
				84075B97217725760062F2B3 /* Assets.xcassets in Resources */,
				84075B952177256B0062F2B3 /* Main.storyboard in Resources */,
			);
			runOnlyForDeploymentPostprocessing = 0;
		};
/* End PBXResourcesBuildPhase section */

/* Begin PBXSourcesBuildPhase section */
		84075B862177256B0062F2B3 /* Sources */ = {
			isa = PBXSourcesBuildPhase;
			buildActionMask = 2147483647;
			files = (
				84075B922177256B0062F2B3 /* ViewController.m in Sources */,
				84075B9D217725760062F2B3 /* main.m in Sources */,
				84075B8F2177256B0062F2B3 /* AppDelegate.m in Sources */,
			);
			runOnlyForDeploymentPostprocessing = 0;
		};
/* End PBXSourcesBuildPhase section */

/* Begin PBXVariantGroup section */
		84075B932177256B0062F2B3 /* Main.storyboard */ = {
			isa = PBXVariantGroup;
			children = (
				84075B942177256B0062F2B3 /* Base */,
			);
			name = Main.storyboard;
			sourceTree = "<group>";
		};
		84075B98217725760062F2B3 /* LaunchScreen.storyboard */ = {
			isa = PBXVariantGroup;
			children = (
				84075B99217725760062F2B3 /* Base */,
			);
			name = LaunchScreen.storyboard;
			sourceTree = "<group>";
		};
/* End PBXVariantGroup section */

/* Begin XCBuildConfiguration section */
		84075B9E217725760062F2B3 /* Debug */ = {
			isa = XCBuildConfiguration;
			buildSettings = {
				ALWAYS_SEARCH_USER_PATHS = NO;
				CLANG_ANALYZER_NONNULL = YES;
				CLANG_ANALYZER_NUMBER_OBJECT_CONVERSION = YES_AGGRESSIVE;
				CLANG_CXX_LANGUAGE_STANDARD = "gnu++14";
				CLANG_CXX_LIBRARY = "libc++";
				CLANG_ENABLE_MODULES = YES;
				CLANG_ENABLE_OBJC_ARC = YES;
				CLANG_ENABLE_OBJC_WEAK = YES;
				CLANG_WARN_BLOCK_CAPTURE_AUTORELEASING = YES;
				CLANG_WARN_BOOL_CONVERSION = YES;
				CLANG_WARN_COMMA = YES;
				CLANG_WARN_CONSTANT_CONVERSION = YES;
				CLANG_WARN_DEPRECATED_OBJC_IMPLEMENTATIONS = YES;
				CLANG_WARN_DIRECT_OBJC_ISA_USAGE = YES_ERROR;
				CLANG_WARN_DOCUMENTATION_COMMENTS = YES;
				CLANG_WARN_EMPTY_BODY = YES;
				CLANG_WARN_ENUM_CONVERSION = YES;
				CLANG_WARN_INFINITE_RECURSION = YES;
				CLANG_WARN_INT_CONVERSION = YES;
				CLANG_WARN_NON_LITERAL_NULL_CONVERSION = YES;
				CLANG_WARN_OBJC_IMPLICIT_RETAIN_SELF = YES;
				CLANG_WARN_OBJC_LITERAL_CONVERSION = YES;
				CLANG_WARN_OBJC_ROOT_CLASS = YES_ERROR;
				CLANG_WARN_RANGE_LOOP_ANALYSIS = YES;
				CLANG_WARN_STRICT_PROTOTYPES = YES;
				CLANG_WARN_SUSPICIOUS_MOVE = YES;
				CLANG_WARN_UNGUARDED_AVAILABILITY = YES_AGGRESSIVE;
				CLANG_WARN_UNREACHABLE_CODE = YES;
				CLANG_WARN__DUPLICATE_METHOD_MATCH = YES;
				CODE_SIGN_IDENTITY = "iPhone Developer";
				COPY_PHASE_STRIP = NO;
				DEBUG_INFORMATION_FORMAT = dwarf;
				ENABLE_STRICT_OBJC_MSGSEND = YES;
				ENABLE_TESTABILITY = YES;
				GCC_C_LANGUAGE_STANDARD = gnu11;
				GCC_DYNAMIC_NO_PIC = NO;
				GCC_NO_COMMON_BLOCKS = YES;
				GCC_OPTIMIZATION_LEVEL = 0;
				GCC_PREPROCESSOR_DEFINITIONS = (
					"DEBUG=1",
					"$(inherited)",
				);
				GCC_WARN_64_TO_32_BIT_CONVERSION = YES;
				GCC_WARN_ABOUT_RETURN_TYPE = YES_ERROR;
				GCC_WARN_UNDECLARED_SELECTOR = YES;
				GCC_WARN_UNINITIALIZED_AUTOS = YES_AGGRESSIVE;
				GCC_WARN_UNUSED_FUNCTION = YES;
				GCC_WARN_UNUSED_VARIABLE = YES;
				IPHONEOS_DEPLOYMENT_TARGET = 11.4;
				MTL_ENABLE_DEBUG_INFO = YES;
				ONLY_ACTIVE_ARCH = YES;
				SDKROOT = iphoneos;
			};
			name = Debug;
		};
		84075B9F217725760062F2B3 /* Release */ = {
			isa = XCBuildConfiguration;
			buildSettings = {
				ALWAYS_SEARCH_USER_PATHS = NO;
				CLANG_ANALYZER_NONNULL = YES;
				CLANG_ANALYZER_NUMBER_OBJECT_CONVERSION = YES_AGGRESSIVE;
				CLANG_CXX_LANGUAGE_STANDARD = "gnu++14";
				CLANG_CXX_LIBRARY = "libc++";
				CLANG_ENABLE_MODULES = YES;
				CLANG_ENABLE_OBJC_ARC = YES;
				CLANG_ENABLE_OBJC_WEAK = YES;
				CLANG_WARN_BLOCK_CAPTURE_AUTORELEASING = YES;
				CLANG_WARN_BOOL_CONVERSION = YES;
				CLANG_WARN_COMMA = YES;
				CLANG_WARN_CONSTANT_CONVERSION = YES;
				CLANG_WARN_DEPRECATED_OBJC_IMPLEMENTATIONS = YES;
				CLANG_WARN_DIRECT_OBJC_ISA_USAGE = YES_ERROR;
				CLANG_WARN_DOCUMENTATION_COMMENTS = YES;
				CLANG_WARN_EMPTY_BODY = YES;
				CLANG_WARN_ENUM_CONVERSION = YES;
				CLANG_WARN_INFINITE_RECURSION = YES;
				CLANG_WARN_INT_CONVERSION = YES;
				CLANG_WARN_NON_LITERAL_NULL_CONVERSION = YES;
				CLANG_WARN_OBJC_IMPLICIT_RETAIN_SELF = YES;
				CLANG_WARN_OBJC_LITERAL_CONVERSION = YES;
				CLANG_WARN_OBJC_ROOT_CLASS = YES_ERROR;
				CLANG_WARN_RANGE_LOOP_ANALYSIS = YES;
				CLANG_WARN_STRICT_PROTOTYPES = YES;
				CLANG_WARN_SUSPICIOUS_MOVE = YES;
				CLANG_WARN_UNGUARDED_AVAILABILITY = YES_AGGRESSIVE;
				CLANG_WARN_UNREACHABLE_CODE = YES;
				CLANG_WARN__DUPLICATE_METHOD_MATCH = YES;
				CODE_SIGN_IDENTITY = "iPhone Developer";
				COPY_PHASE_STRIP = NO;
				DEBUG_INFORMATION_FORMAT = "dwarf-with-dsym";
				ENABLE_NS_ASSERTIONS = NO;
				ENABLE_STRICT_OBJC_MSGSEND = YES;
				GCC_C_LANGUAGE_STANDARD = gnu11;
				GCC_NO_COMMON_BLOCKS = YES;
				GCC_WARN_64_TO_32_BIT_CONVERSION = YES;
				GCC_WARN_ABOUT_RETURN_TYPE = YES_ERROR;
				GCC_WARN_UNDECLARED_SELECTOR = YES;
				GCC_WARN_UNINITIALIZED_AUTOS = YES_AGGRESSIVE;
				GCC_WARN_UNUSED_FUNCTION = YES;
				GCC_WARN_UNUSED_VARIABLE = YES;
				IPHONEOS_DEPLOYMENT_TARGET = 11.4;
				MTL_ENABLE_DEBUG_INFO = NO;
				SDKROOT = iphoneos;
				VALIDATE_PRODUCT = YES;
			};
			name = Release;
		};
		84075BA1217725760062F2B3 /* Debug */ = {
			isa = XCBuildConfiguration;
			buildSettings = {
				ASSETCATALOG_COMPILER_APPICON_NAME = AppIcon;
				CODE_SIGN_STYLE = Automatic;
				DEVELOPMENT_TEAM = 5PK3MYTY26;
				FRAMEWORK_SEARCH_PATHS = (
					"$(inherited)",
					"$(PROJECT_DIR)",
				);
				INFOPLIST_FILE = TabaoAuthDemo/Info.plist;
				IPHONEOS_DEPLOYMENT_TARGET = 10.0;
				LD_RUNPATH_SEARCH_PATHS = (
					"$(inherited)",
					"@executable_path/Frameworks",
				);
				OTHER_LDFLAGS = (
					"-lstdc++",
					"-Objc",
				);
				PRODUCT_BUNDLE_IDENTIFIER = cn.com.cchip.genie;
				PRODUCT_NAME = "$(TARGET_NAME)";
				TARGETED_DEVICE_FAMILY = "1,2";
			};
			name = Debug;
		};
		84075BA2217725760062F2B3 /* Release */ = {
			isa = XCBuildConfiguration;
			buildSettings = {
				ASSETCATALOG_COMPILER_APPICON_NAME = AppIcon;
				CODE_SIGN_STYLE = Automatic;
				DEVELOPMENT_TEAM = 5PK3MYTY26;
				FRAMEWORK_SEARCH_PATHS = (
					"$(inherited)",
					"$(PROJECT_DIR)",
				);
				INFOPLIST_FILE = TabaoAuthDemo/Info.plist;
				IPHONEOS_DEPLOYMENT_TARGET = 10.0;
				LD_RUNPATH_SEARCH_PATHS = (
					"$(inherited)",
					"@executable_path/Frameworks",
				);
				OTHER_LDFLAGS = (
					"-lstdc++",
					"-Objc",
				);
				PRODUCT_BUNDLE_IDENTIFIER = cn.com.cchip.genie;
				PRODUCT_NAME = "$(TARGET_NAME)";
				TARGETED_DEVICE_FAMILY = "1,2";
			};
			name = Release;
		};
/* End XCBuildConfiguration section */

/* Begin XCConfigurationList section */
		84075B852177256B0062F2B3 /* Build configuration list for PBXProject "TabaoAuthDemo" */ = {
			isa = XCConfigurationList;
			buildConfigurations = (
				84075B9E217725760062F2B3 /* Debug */,
				84075B9F217725760062F2B3 /* Release */,
			);
			defaultConfigurationIsVisible = 0;
			defaultConfigurationName = Release;
		};
		84075BA0217725760062F2B3 /* Build configuration list for PBXNativeTarget "TabaoAuthDemo" */ = {
			isa = XCConfigurationList;
			buildConfigurations = (
				84075BA1217725760062F2B3 /* Debug */,
				84075BA2217725760062F2B3 /* Release */,
			);
			defaultConfigurationIsVisible = 0;
			defaultConfigurationName = Release;
		};
/* End XCConfigurationList section */
	};
	rootObject = 84075B822177256B0062F2B3 /* Project object */;
}
