// !$*UTF8*$!
{
	archiveVersion = 1;
	classes = {
	};
	objectVersion = 50;
	objects = {

/* Begin PBXBuildFile section */
		8590930F23682B0000CFB63D /* AppDelegate.m in Sources */ = {isa = PBXBuildFile; fileRef = 8590930E23682B0000CFB63D /* AppDelegate.m */; };
		8590931223682B0000CFB63D /* ViewController.m in Sources */ = {isa = PBXBuildFile; fileRef = 8590931123682B0000CFB63D /* ViewController.m */; };
		8590931523682B0000CFB63D /* Main.storyboard in Resources */ = {isa = PBXBuildFile; fileRef = 8590931323682B0000CFB63D /* Main.storyboard */; };
		8590931723682B0200CFB63D /* Assets.xcassets in Resources */ = {isa = PBXBuildFile; fileRef = 8590931623682B0200CFB63D /* Assets.xcassets */; };
		8590931A23682B0200CFB63D /* LaunchScreen.storyboard in Resources */ = {isa = PBXBuildFile; fileRef = 8590931823682B0200CFB63D /* LaunchScreen.storyboard */; };
		8590931D23682B0200CFB63D /* main.m in Sources */ = {isa = PBXBuildFile; fileRef = 8590931C23682B0200CFB63D /* main.m */; };
		85FCB7D9236832D500EED4FE /* CCRecorder.framework in Frameworks */ = {isa = PBXBuildFile; fileRef = 85FCB7D8236832D500EED4FE /* CCRecorder.framework */; settings = {ATTRIBUTES = (Weak, ); }; };
/* End PBXBuildFile section */

/* Begin PBXFileReference section */
		8590930A23682B0000CFB63D /* CChipProduct.app */ = {isa = PBXFileReference; explicitFileType = wrapper.application; includeInIndex = 0; path = CChipProduct.app; sourceTree = BUILT_PRODUCTS_DIR; };
		8590930D23682B0000CFB63D /* AppDelegate.h */ = {isa = PBXFileReference; lastKnownFileType = sourcecode.c.h; path = AppDelegate.h; sourceTree = "<group>"; };
		8590930E23682B0000CFB63D /* AppDelegate.m */ = {isa = PBXFileReference; lastKnownFileType = sourcecode.c.objc; path = AppDelegate.m; sourceTree = "<group>"; };
		8590931023682B0000CFB63D /* ViewController.h */ = {isa = PBXFileReference; lastKnownFileType = sourcecode.c.h; path = ViewController.h; sourceTree = "<group>"; };
		8590931123682B0000CFB63D /* ViewController.m */ = {isa = PBXFileReference; lastKnownFileType = sourcecode.c.objc; path = ViewController.m; sourceTree = "<group>"; };
		8590931423682B0000CFB63D /* Base */ = {isa = PBXFileReference; lastKnownFileType = file.storyboard; name = Base; path = Base.lproj/Main.storyboard; sourceTree = "<group>"; };
		8590931623682B0200CFB63D /* Assets.xcassets */ = {isa = PBXFileReference; lastKnownFileType = folder.assetcatalog; path = Assets.xcassets; sourceTree = "<group>"; };
		8590931923682B0200CFB63D /* Base */ = {isa = PBXFileReference; lastKnownFileType = file.storyboard; name = Base; path = Base.lproj/LaunchScreen.storyboard; sourceTree = "<group>"; };
		8590931B23682B0200CFB63D /* Info.plist */ = {isa = PBXFileReference; lastKnownFileType = text.plist.xml; path = Info.plist; sourceTree = "<group>"; };
		8590931C23682B0200CFB63D /* main.m */ = {isa = PBXFileReference; lastKnownFileType = sourcecode.c.objc; path = main.m; sourceTree = "<group>"; };
		85FCB7D8236832D500EED4FE /* CCRecorder.framework */ = {isa = PBXFileReference; explicitFileType = wrapper.framework; path = CCRecorder.framework; sourceTree = BUILT_PRODUCTS_DIR; };
/* End PBXFileReference section */

/* Begin PBXFrameworksBuildPhase section */
		8590930723682B0000CFB63D /* Frameworks */ = {
			isa = PBXFrameworksBuildPhase;
			buildActionMask = 2147483647;
			files = (
				85FCB7D9236832D500EED4FE /* CCRecorder.framework in Frameworks */,
			);
			runOnlyForDeploymentPostprocessing = 0;
		};
/* End PBXFrameworksBuildPhase section */

/* Begin PBXGroup section */
		8590930123682B0000CFB63D = {
			isa = PBXGroup;
			children = (
				8590930C23682B0000CFB63D /* CChipProduct */,
				8590930B23682B0000CFB63D /* Products */,
				85FCB7B723682FF300EED4FE /* Frameworks */,
			);
			sourceTree = "<group>";
		};
		8590930B23682B0000CFB63D /* Products */ = {
			isa = PBXGroup;
			children = (
				8590930A23682B0000CFB63D /* CChipProduct.app */,
			);
			name = Products;
			sourceTree = "<group>";
		};
		8590930C23682B0000CFB63D /* CChipProduct */ = {
			isa = PBXGroup;
			children = (
				8590930D23682B0000CFB63D /* AppDelegate.h */,
				8590930E23682B0000CFB63D /* AppDelegate.m */,
				8590931023682B0000CFB63D /* ViewController.h */,
				8590931123682B0000CFB63D /* ViewController.m */,
				8590931323682B0000CFB63D /* Main.storyboard */,
				8590931623682B0200CFB63D /* Assets.xcassets */,
				8590931823682B0200CFB63D /* LaunchScreen.storyboard */,
				8590931B23682B0200CFB63D /* Info.plist */,
				8590931C23682B0200CFB63D /* main.m */,
			);
			path = CChipProduct;
			sourceTree = "<group>";
		};
		85FCB7B723682FF300EED4FE /* Frameworks */ = {
			isa = PBXGroup;
			children = (
				85FCB7D8236832D500EED4FE /* CCRecorder.framework */,
			);
			name = Frameworks;
			sourceTree = "<group>";
		};
/* End PBXGroup section */

/* Begin PBXNativeTarget section */
		8590930923682B0000CFB63D /* CChipProduct */ = {
			isa = PBXNativeTarget;
			buildConfigurationList = 8590932023682B0200CFB63D /* Build configuration list for PBXNativeTarget "CChipProduct" */;
			buildPhases = (
				8590930623682B0000CFB63D /* Sources */,
				8590930723682B0000CFB63D /* Frameworks */,
				8590930823682B0000CFB63D /* Resources */,
			);
			buildRules = (
			);
			dependencies = (
			);
			name = CChipProduct;
			productName = CChipProduct;
			productReference = 8590930A23682B0000CFB63D /* CChipProduct.app */;
			productType = "com.apple.product-type.application";
		};
/* End PBXNativeTarget section */

/* Begin PBXProject section */
		8590930223682B0000CFB63D /* Project object */ = {
			isa = PBXProject;
			attributes = {
				LastUpgradeCheck = 1020;
				ORGANIZATIONNAME = Tongfy;
				TargetAttributes = {
					8590930923682B0000CFB63D = {
						CreatedOnToolsVersion = 10.2;
					};
				};
			};
			buildConfigurationList = 8590930523682B0000CFB63D /* Build configuration list for PBXProject "CChipProduct" */;
			compatibilityVersion = "Xcode 9.3";
			developmentRegion = en;
			hasScannedForEncodings = 0;
			knownRegions = (
				en,
				Base,
			);
			mainGroup = 8590930123682B0000CFB63D;
			productRefGroup = 8590930B23682B0000CFB63D /* Products */;
			projectDirPath = "";
			projectRoot = "";
			targets = (
				8590930923682B0000CFB63D /* CChipProduct */,
			);
		};
/* End PBXProject section */

/* Begin PBXResourcesBuildPhase section */
		8590930823682B0000CFB63D /* Resources */ = {
			isa = PBXResourcesBuildPhase;
			buildActionMask = 2147483647;
			files = (
				8590931A23682B0200CFB63D /* LaunchScreen.storyboard in Resources */,
				8590931723682B0200CFB63D /* Assets.xcassets in Resources */,
				8590931523682B0000CFB63D /* Main.storyboard in Resources */,
			);
			runOnlyForDeploymentPostprocessing = 0;
		};
/* End PBXResourcesBuildPhase section */

/* Begin PBXSourcesBuildPhase section */
		8590930623682B0000CFB63D /* Sources */ = {
			isa = PBXSourcesBuildPhase;
			buildActionMask = 2147483647;
			files = (
				8590931223682B0000CFB63D /* ViewController.m in Sources */,
				8590931D23682B0200CFB63D /* main.m in Sources */,
				8590930F23682B0000CFB63D /* AppDelegate.m in Sources */,
			);
			runOnlyForDeploymentPostprocessing = 0;
		};
/* End PBXSourcesBuildPhase section */

/* Begin PBXVariantGroup section */
		8590931323682B0000CFB63D /* Main.storyboard */ = {
			isa = PBXVariantGroup;
			children = (
				8590931423682B0000CFB63D /* Base */,
			);
			name = Main.storyboard;
			sourceTree = "<group>";
		};
		8590931823682B0200CFB63D /* LaunchScreen.storyboard */ = {
			isa = PBXVariantGroup;
			children = (
				8590931923682B0200CFB63D /* Base */,
			);
			name = LaunchScreen.storyboard;
			sourceTree = "<group>";
		};
/* End PBXVariantGroup section */

/* Begin XCBuildConfiguration section */
		8590931E23682B0200CFB63D /* Debug */ = {
			isa = XCBuildConfiguration;
			buildSettings = {
				ALWAYS_SEARCH_USER_PATHS = NO;
				CLANG_ANALYZER_NONNULL = YES;
				CLANG_ANALYZER_NUMBER_OBJECT_CONVERSION = YES_AGGRESSIVE;
				CLANG_CXX_LANGUAGE_STANDARD = "gnu++14";
				CLANG_CXX_LIBRARY = "libc++";
				CLANG_ENABLE_MODULES = YES;
				CLANG_ENABLE_OBJC_ARC = YES;
				CLANG_ENABLE_OBJC_WEAK = YES;
				CLANG_WARN_BLOCK_CAPTURE_AUTORELEASING = YES;
				CLANG_WARN_BOOL_CONVERSION = YES;
				CLANG_WARN_COMMA = YES;
				CLANG_WARN_CONSTANT_CONVERSION = YES;
				CLANG_WARN_DEPRECATED_OBJC_IMPLEMENTATIONS = YES;
				CLANG_WARN_DIRECT_OBJC_ISA_USAGE = YES_ERROR;
				CLANG_WARN_DOCUMENTATION_COMMENTS = YES;
				CLANG_WARN_EMPTY_BODY = YES;
				CLANG_WARN_ENUM_CONVERSION = YES;
				CLANG_WARN_INFINITE_RECURSION = YES;
				CLANG_WARN_INT_CONVERSION = YES;
				CLANG_WARN_NON_LITERAL_NULL_CONVERSION = YES;
				CLANG_WARN_OBJC_IMPLICIT_RETAIN_SELF = YES;
				CLANG_WARN_OBJC_LITERAL_CONVERSION = YES;
				CLANG_WARN_OBJC_ROOT_CLASS = YES_ERROR;
				CLANG_WARN_RANGE_LOOP_ANALYSIS = YES;
				CLANG_WARN_STRICT_PROTOTYPES = YES;
				CLANG_WARN_SUSPICIOUS_MOVE = YES;
				CLANG_WARN_UNGUARDED_AVAILABILITY = YES_AGGRESSIVE;
				CLANG_WARN_UNREACHABLE_CODE = YES;
				CLANG_WARN__DUPLICATE_METHOD_MATCH = YES;
				CODE_SIGN_IDENTITY = "iPhone Developer";
				COPY_PHASE_STRIP = NO;
				DEBUG_INFORMATION_FORMAT = dwarf;
				ENABLE_STRICT_OBJC_MSGSEND = YES;
				ENABLE_TESTABILITY = YES;
				GCC_C_LANGUAGE_STANDARD = gnu11;
				GCC_DYNAMIC_NO_PIC = NO;
				GCC_NO_COMMON_BLOCKS = YES;
				GCC_OPTIMIZATION_LEVEL = 0;
				GCC_PREPROCESSOR_DEFINITIONS = (
					"DEBUG=1",
					"$(inherited)",
				);
				GCC_WARN_64_TO_32_BIT_CONVERSION = YES;
				GCC_WARN_ABOUT_RETURN_TYPE = YES_ERROR;
				GCC_WARN_UNDECLARED_SELECTOR = YES;
				GCC_WARN_UNINITIALIZED_AUTOS = YES_AGGRESSIVE;
				GCC_WARN_UNUSED_FUNCTION = YES;
				GCC_WARN_UNUSED_VARIABLE = YES;
				IPHONEOS_DEPLOYMENT_TARGET = 12.2;
				MTL_ENABLE_DEBUG_INFO = INCLUDE_SOURCE;
				MTL_FAST_MATH = YES;
				ONLY_ACTIVE_ARCH = YES;
				SDKROOT = iphoneos;
			};
			name = Debug;
		};
		8590931F23682B0200CFB63D /* Release */ = {
			isa = XCBuildConfiguration;
			buildSettings = {
				ALWAYS_SEARCH_USER_PATHS = NO;
				CLANG_ANALYZER_NONNULL = YES;
				CLANG_ANALYZER_NUMBER_OBJECT_CONVERSION = YES_AGGRESSIVE;
				CLANG_CXX_LANGUAGE_STANDARD = "gnu++14";
				CLANG_CXX_LIBRARY = "libc++";
				CLANG_ENABLE_MODULES = YES;
				CLANG_ENABLE_OBJC_ARC = YES;
				CLANG_ENABLE_OBJC_WEAK = YES;
				CLANG_WARN_BLOCK_CAPTURE_AUTORELEASING = YES;
				CLANG_WARN_BOOL_CONVERSION = YES;
				CLANG_WARN_COMMA = YES;
				CLANG_WARN_CONSTANT_CONVERSION = YES;
				CLANG_WARN_DEPRECATED_OBJC_IMPLEMENTATIONS = YES;
				CLANG_WARN_DIRECT_OBJC_ISA_USAGE = YES_ERROR;
				CLANG_WARN_DOCUMENTATION_COMMENTS = YES;
				CLANG_WARN_EMPTY_BODY = YES;
				CLANG_WARN_ENUM_CONVERSION = YES;
				CLANG_WARN_INFINITE_RECURSION = YES;
				CLANG_WARN_INT_CONVERSION = YES;
				CLANG_WARN_NON_LITERAL_NULL_CONVERSION = YES;
				CLANG_WARN_OBJC_IMPLICIT_RETAIN_SELF = YES;
				CLANG_WARN_OBJC_LITERAL_CONVERSION = YES;
				CLANG_WARN_OBJC_ROOT_CLASS = YES_ERROR;
				CLANG_WARN_RANGE_LOOP_ANALYSIS = YES;
				CLANG_WARN_STRICT_PROTOTYPES = YES;
				CLANG_WARN_SUSPICIOUS_MOVE = YES;
				CLANG_WARN_UNGUARDED_AVAILABILITY = YES_AGGRESSIVE;
				CLANG_WARN_UNREACHABLE_CODE = YES;
				CLANG_WARN__DUPLICATE_METHOD_MATCH = YES;
				CODE_SIGN_IDENTITY = "iPhone Developer";
				COPY_PHASE_STRIP = NO;
				DEBUG_INFORMATION_FORMAT = "dwarf-with-dsym";
				ENABLE_NS_ASSERTIONS = NO;
				ENABLE_STRICT_OBJC_MSGSEND = YES;
				GCC_C_LANGUAGE_STANDARD = gnu11;
				GCC_NO_COMMON_BLOCKS = YES;
				GCC_WARN_64_TO_32_BIT_CONVERSION = YES;
				GCC_WARN_ABOUT_RETURN_TYPE = YES_ERROR;
				GCC_WARN_UNDECLARED_SELECTOR = YES;
				GCC_WARN_UNINITIALIZED_AUTOS = YES_AGGRESSIVE;
				GCC_WARN_UNUSED_FUNCTION = YES;
				GCC_WARN_UNUSED_VARIABLE = YES;
				IPHONEOS_DEPLOYMENT_TARGET = 12.2;
				MTL_ENABLE_DEBUG_INFO = NO;
				MTL_FAST_MATH = YES;
				SDKROOT = iphoneos;
				VALIDATE_PRODUCT = YES;
			};
			name = Release;
		};
		8590932123682B0200CFB63D /* Debug */ = {
			isa = XCBuildConfiguration;
			buildSettings = {
				ASSETCATALOG_COMPILER_APPICON_NAME = AppIcon;
				CODE_SIGN_STYLE = Automatic;
				DEVELOPMENT_TEAM = Q6GAG79FX3;
				INFOPLIST_FILE = CChipProduct/Info.plist;
				IPHONEOS_DEPLOYMENT_TARGET = 9.0;
				LD_RUNPATH_SEARCH_PATHS = (
					"$(inherited)",
					"@executable_path/Frameworks",
				);
				PRODUCT_BUNDLE_IDENTIFIER = com.tong.CChipProduct;
				PRODUCT_NAME = "$(TARGET_NAME)";
				TARGETED_DEVICE_FAMILY = "1,2";
			};
			name = Debug;
		};
		8590932223682B0200CFB63D /* Release */ = {
			isa = XCBuildConfiguration;
			buildSettings = {
				ASSETCATALOG_COMPILER_APPICON_NAME = AppIcon;
				CODE_SIGN_STYLE = Automatic;
				DEVELOPMENT_TEAM = Q6GAG79FX3;
				INFOPLIST_FILE = CChipProduct/Info.plist;
				IPHONEOS_DEPLOYMENT_TARGET = 9.0;
				LD_RUNPATH_SEARCH_PATHS = (
					"$(inherited)",
					"@executable_path/Frameworks",
				);
				PRODUCT_BUNDLE_IDENTIFIER = com.tong.CChipProduct;
				PRODUCT_NAME = "$(TARGET_NAME)";
				TARGETED_DEVICE_FAMILY = "1,2";
			};
			name = Release;
		};
/* End XCBuildConfiguration section */

/* Begin XCConfigurationList section */
		8590930523682B0000CFB63D /* Build configuration list for PBXProject "CChipProduct" */ = {
			isa = XCConfigurationList;
			buildConfigurations = (
				8590931E23682B0200CFB63D /* Debug */,
				8590931F23682B0200CFB63D /* Release */,
			);
			defaultConfigurationIsVisible = 0;
			defaultConfigurationName = Release;
		};
		8590932023682B0200CFB63D /* Build configuration list for PBXNativeTarget "CChipProduct" */ = {
			isa = XCConfigurationList;
			buildConfigurations = (
				8590932123682B0200CFB63D /* Debug */,
				8590932223682B0200CFB63D /* Release */,
			);
			defaultConfigurationIsVisible = 0;
			defaultConfigurationName = Release;
		};
/* End XCConfigurationList section */
	};
	rootObject = 8590930223682B0000CFB63D /* Project object */;
}
