// !$*UTF8*$!
{
	archiveVersion = 1;
	classes = {
	};
	objectVersion = 51;
	objects = {

/* Begin PBXBuildFile section */
		73D4F8FA7F36FF441D18C69C /* Pods_ThirdPartySDK.framework in Frameworks */ = {isa = PBXBuildFile; fileRef = 1D4D05423CE5079B002D78D6 /* Pods_ThirdPartySDK.framework */; };
		8564B78B22DDC9CB001DF514 /* TTFacebookTool.m in Sources */ = {isa = PBXBuildFile; fileRef = 8564B78A22DDC9CB001DF514 /* TTFacebookTool.m */; };
		858237D722DEF9AD0029F54E /* TTRequestManager.m in Sources */ = {isa = PBXBuildFile; fileRef = 8582377D22DEF9AD0029F54E /* TTRequestManager.m */; };
		858237D822DEF9AD0029F54E /* TTToastTool.m in Sources */ = {isa = PBXBuildFile; fileRef = 8582378122DEF9AD0029F54E /* TTToastTool.m */; };
		858237D922DEF9AD0029F54E /* TTErrorView.m in Sources */ = {isa = PBXBuildFile; fileRef = 8582378422DEF9AD0029F54E /* TTErrorView.m */; };
		858237DA22DEF9AD0029F54E /* TTTool_README.md in Resources */ = {isa = PBXBuildFile; fileRef = 8582378822DEF9AD0029F54E /* TTTool_README.md */; };
		858237DB22DEF9AD0029F54E /* TTAES128Encrypter.m in Sources */ = {isa = PBXBuildFile; fileRef = 8582378D22DEF9AD0029F54E /* TTAES128Encrypter.m */; };
		858237DC22DEF9AD0029F54E /* NSData+AES128TL.m in Sources */ = {isa = PBXBuildFile; fileRef = 8582379022DEF9AD0029F54E /* NSData+AES128TL.m */; };
		858237DE22DEF9AD0029F54E /* TTApp.m in Sources */ = {isa = PBXBuildFile; fileRef = 8582379322DEF9AD0029F54E /* TTApp.m */; };
		858237DF22DEF9AD0029F54E /* SSKeychain.m in Sources */ = {isa = PBXBuildFile; fileRef = 8582379922DEF9AD0029F54E /* SSKeychain.m */; };
		858237E022DEF9AD0029F54E /* TTKeychainManager.m in Sources */ = {isa = PBXBuildFile; fileRef = 8582379A22DEF9AD0029F54E /* TTKeychainManager.m */; };
		858237E122DEF9AD0029F54E /* TTPermissionManager.m in Sources */ = {isa = PBXBuildFile; fileRef = 8582379E22DEF9AD0029F54E /* TTPermissionManager.m */; };
		858237E222DEF9AD0029F54E /* UIImage+TTCode.m in Sources */ = {isa = PBXBuildFile; fileRef = 858237A422DEF9AD0029F54E /* UIImage+TTCode.m */; };
		858237E322DEF9AD0029F54E /* UIApplication+TTKeyWindow.m in Sources */ = {isa = PBXBuildFile; fileRef = 858237A822DEF9AD0029F54E /* UIApplication+TTKeyWindow.m */; };
		858237E422DEF9AD0029F54E /* UIColor+TTHex.m in Sources */ = {isa = PBXBuildFile; fileRef = 858237AA22DEF9AD0029F54E /* UIColor+TTHex.m */; };
		858237E522DEF9AD0029F54E /* UIAlertController+TTAlert.m in Sources */ = {isa = PBXBuildFile; fileRef = 858237AD22DEF9AD0029F54E /* UIAlertController+TTAlert.m */; };
		858237E622DEF9AD0029F54E /* UIView+SYJXibConfiguration.m in Sources */ = {isa = PBXBuildFile; fileRef = 858237B022DEF9AD0029F54E /* UIView+SYJXibConfiguration.m */; };
		858237E722DEF9AD0029F54E /* UIStoryboard+TTCategory.m in Sources */ = {isa = PBXBuildFile; fileRef = 858237B422DEF9AD0029F54E /* UIStoryboard+TTCategory.m */; };
		858237E822DEF9AD0029F54E /* UIFont+TTPingFang.m in Sources */ = {isa = PBXBuildFile; fileRef = 858237B722DEF9AD0029F54E /* UIFont+TTPingFang.m */; };
		858237E922DEF9AD0029F54E /* UIViewController+TTAlert.m in Sources */ = {isa = PBXBuildFile; fileRef = 858237BA22DEF9AD0029F54E /* UIViewController+TTAlert.m */; };
		858237EA22DEF9AD0029F54E /* UIViewController+TTNavBar.m in Sources */ = {isa = PBXBuildFile; fileRef = 858237BC22DEF9AD0029F54E /* UIViewController+TTNavBar.m */; };
		858237EB22DEF9AD0029F54E /* NSDictionary+String.m in Sources */ = {isa = PBXBuildFile; fileRef = 858237C122DEF9AD0029F54E /* NSDictionary+String.m */; };
		858237EC22DEF9AD0029F54E /* NSBundle+TTBundle.m in Sources */ = {isa = PBXBuildFile; fileRef = 858237C322DEF9AD0029F54E /* NSBundle+TTBundle.m */; };
		858237ED22DEF9AD0029F54E /* NSFileManager+TTFile.m in Sources */ = {isa = PBXBuildFile; fileRef = 858237C622DEF9AD0029F54E /* NSFileManager+TTFile.m */; };
		858237EE22DEF9AD0029F54E /* NSString+TTRegularExpression.m in Sources */ = {isa = PBXBuildFile; fileRef = 858237C922DEF9AD0029F54E /* NSString+TTRegularExpression.m */; };
		858237EF22DEF9AD0029F54E /* NSArray+TTPlist.m in Sources */ = {isa = PBXBuildFile; fileRef = 858237CD22DEF9AD0029F54E /* NSArray+TTPlist.m */; };
		858237F022DEF9AD0029F54E /* NSObject+TTKVO.m in Sources */ = {isa = PBXBuildFile; fileRef = 858237D022DEF9AD0029F54E /* NSObject+TTKVO.m */; };
		858237F222DEF9AD0029F54E /* BYFoundationLog.m in Sources */ = {isa = PBXBuildFile; fileRef = 858237D622DEF9AD0029F54E /* BYFoundationLog.m */; };
		858237F522DF18CA0029F54E /* DetailsViewController.m in Sources */ = {isa = PBXBuildFile; fileRef = 858237F422DF18CA0029F54E /* DetailsViewController.m */; };
		8589BD7B22D5864B000BBE14 /* AppDelegate.m in Sources */ = {isa = PBXBuildFile; fileRef = 8589BD7A22D5864B000BBE14 /* AppDelegate.m */; };
		8589BD7E22D5864B000BBE14 /* ViewController.m in Sources */ = {isa = PBXBuildFile; fileRef = 8589BD7D22D5864B000BBE14 /* ViewController.m */; };
		8589BD8122D5864B000BBE14 /* Main.storyboard in Resources */ = {isa = PBXBuildFile; fileRef = 8589BD7F22D5864B000BBE14 /* Main.storyboard */; };
		8589BD8322D5864D000BBE14 /* Assets.xcassets in Resources */ = {isa = PBXBuildFile; fileRef = 8589BD8222D5864D000BBE14 /* Assets.xcassets */; };
		8589BD8622D5864D000BBE14 /* LaunchScreen.storyboard in Resources */ = {isa = PBXBuildFile; fileRef = 8589BD8422D5864D000BBE14 /* LaunchScreen.storyboard */; };
		8589BD8922D5864D000BBE14 /* main.m in Sources */ = {isa = PBXBuildFile; fileRef = 8589BD8822D5864D000BBE14 /* main.m */; };
		8589BD9322D5864D000BBE14 /* ThirdPartySDKTests.m in Sources */ = {isa = PBXBuildFile; fileRef = 8589BD9222D5864D000BBE14 /* ThirdPartySDKTests.m */; };
		8589BD9E22D5864D000BBE14 /* ThirdPartySDKUITests.m in Sources */ = {isa = PBXBuildFile; fileRef = 8589BD9D22D5864D000BBE14 /* ThirdPartySDKUITests.m */; };
		D0B80802307E3FAACCB44840 /* Pods_ThirdPartySDKTests.framework in Frameworks */ = {isa = PBXBuildFile; fileRef = 759664032705F5B2185F3E3E /* Pods_ThirdPartySDKTests.framework */; };
		DF2025630EED36944BEF7BB4 /* Pods_ThirdPartySDKUITests.framework in Frameworks */ = {isa = PBXBuildFile; fileRef = DCF7C6AFE09C1DA5F7322AFC /* Pods_ThirdPartySDKUITests.framework */; };
/* End PBXBuildFile section */

/* Begin PBXContainerItemProxy section */
		8589BD8F22D5864D000BBE14 /* PBXContainerItemProxy */ = {
			isa = PBXContainerItemProxy;
			containerPortal = 8589BD6E22D5864B000BBE14 /* Project object */;
			proxyType = 1;
			remoteGlobalIDString = 8589BD7522D5864B000BBE14;
			remoteInfo = ThirdPartySDK;
		};
		8589BD9A22D5864D000BBE14 /* PBXContainerItemProxy */ = {
			isa = PBXContainerItemProxy;
			containerPortal = 8589BD6E22D5864B000BBE14 /* Project object */;
			proxyType = 1;
			remoteGlobalIDString = 8589BD7522D5864B000BBE14;
			remoteInfo = ThirdPartySDK;
		};
/* End PBXContainerItemProxy section */

/* Begin PBXFileReference section */
		1D4D05423CE5079B002D78D6 /* Pods_ThirdPartySDK.framework */ = {isa = PBXFileReference; explicitFileType = wrapper.framework; includeInIndex = 0; path = Pods_ThirdPartySDK.framework; sourceTree = BUILT_PRODUCTS_DIR; };
		20E32C8D2433CFCF3ACD5429 /* Pods-ThirdPartySDKUITests.debug.xcconfig */ = {isa = PBXFileReference; includeInIndex = 1; lastKnownFileType = text.xcconfig; name = "Pods-ThirdPartySDKUITests.debug.xcconfig"; path = "Target Support Files/Pods-ThirdPartySDKUITests/Pods-ThirdPartySDKUITests.debug.xcconfig"; sourceTree = "<group>"; };
		3AE71BAFA3DDAA14D4BCB07D /* Pods-ThirdPartySDKUITests.release.xcconfig */ = {isa = PBXFileReference; includeInIndex = 1; lastKnownFileType = text.xcconfig; name = "Pods-ThirdPartySDKUITests.release.xcconfig"; path = "Target Support Files/Pods-ThirdPartySDKUITests/Pods-ThirdPartySDKUITests.release.xcconfig"; sourceTree = "<group>"; };
		4AC4D720957F03B26EF8F767 /* Pods-ThirdPartySDKTests.release.xcconfig */ = {isa = PBXFileReference; includeInIndex = 1; lastKnownFileType = text.xcconfig; name = "Pods-ThirdPartySDKTests.release.xcconfig"; path = "Target Support Files/Pods-ThirdPartySDKTests/Pods-ThirdPartySDKTests.release.xcconfig"; sourceTree = "<group>"; };
		759664032705F5B2185F3E3E /* Pods_ThirdPartySDKTests.framework */ = {isa = PBXFileReference; explicitFileType = wrapper.framework; includeInIndex = 0; path = Pods_ThirdPartySDKTests.framework; sourceTree = BUILT_PRODUCTS_DIR; };
		8555AA24EA83DC078EE95930 /* Pods-ThirdPartySDKTests.debug.xcconfig */ = {isa = PBXFileReference; includeInIndex = 1; lastKnownFileType = text.xcconfig; name = "Pods-ThirdPartySDKTests.debug.xcconfig"; path = "Target Support Files/Pods-ThirdPartySDKTests/Pods-ThirdPartySDKTests.debug.xcconfig"; sourceTree = "<group>"; };
		8564B78922DDC9CB001DF514 /* TTFacebookTool.h */ = {isa = PBXFileReference; lastKnownFileType = sourcecode.c.h; path = TTFacebookTool.h; sourceTree = "<group>"; };
		8564B78A22DDC9CB001DF514 /* TTFacebookTool.m */ = {isa = PBXFileReference; lastKnownFileType = sourcecode.c.objc; path = TTFacebookTool.m; sourceTree = "<group>"; };
		8582377B22DEF9AD0029F54E /* TTRequestManager.h */ = {isa = PBXFileReference; fileEncoding = 4; lastKnownFileType = sourcecode.c.h; path = TTRequestManager.h; sourceTree = "<group>"; };
		8582377C22DEF9AD0029F54E /* RequestHeader.h */ = {isa = PBXFileReference; fileEncoding = 4; lastKnownFileType = sourcecode.c.h; path = RequestHeader.h; sourceTree = "<group>"; };
		8582377D22DEF9AD0029F54E /* TTRequestManager.m */ = {isa = PBXFileReference; fileEncoding = 4; lastKnownFileType = sourcecode.c.objc; path = TTRequestManager.m; sourceTree = "<group>"; };
		8582377E22DEF9AD0029F54E /* TTNetWork.h */ = {isa = PBXFileReference; fileEncoding = 4; lastKnownFileType = sourcecode.c.h; path = TTNetWork.h; sourceTree = "<group>"; };
		8582378122DEF9AD0029F54E /* TTToastTool.m */ = {isa = PBXFileReference; fileEncoding = 4; lastKnownFileType = sourcecode.c.objc; path = TTToastTool.m; sourceTree = "<group>"; };
		8582378222DEF9AD0029F54E /* TTToastTool.h */ = {isa = PBXFileReference; fileEncoding = 4; lastKnownFileType = sourcecode.c.h; path = TTToastTool.h; sourceTree = "<group>"; };
		8582378422DEF9AD0029F54E /* TTErrorView.m */ = {isa = PBXFileReference; fileEncoding = 4; lastKnownFileType = sourcecode.c.objc; path = TTErrorView.m; sourceTree = "<group>"; };
		8582378522DEF9AD0029F54E /* TTErrorView.h */ = {isa = PBXFileReference; fileEncoding = 4; lastKnownFileType = sourcecode.c.h; path = TTErrorView.h; sourceTree = "<group>"; };
		8582378622DEF9AD0029F54E /* TTUITools.h */ = {isa = PBXFileReference; fileEncoding = 4; lastKnownFileType = sourcecode.c.h; path = TTUITools.h; sourceTree = "<group>"; };
		8582378722DEF9AD0029F54E /* TTTool.h */ = {isa = PBXFileReference; fileEncoding = 4; lastKnownFileType = sourcecode.c.h; path = TTTool.h; sourceTree = "<group>"; };
		8582378822DEF9AD0029F54E /* TTTool_README.md */ = {isa = PBXFileReference; fileEncoding = 4; lastKnownFileType = net.daringfireball.markdown; path = TTTool_README.md; sourceTree = "<group>"; };
		8582378B22DEF9AD0029F54E /* TTEncryptHeader.h */ = {isa = PBXFileReference; fileEncoding = 4; lastKnownFileType = sourcecode.c.h; path = TTEncryptHeader.h; sourceTree = "<group>"; };
		8582378D22DEF9AD0029F54E /* TTAES128Encrypter.m */ = {isa = PBXFileReference; fileEncoding = 4; lastKnownFileType = sourcecode.c.objc; path = TTAES128Encrypter.m; sourceTree = "<group>"; };
		8582378E22DEF9AD0029F54E /* NSData+AES128TL.h */ = {isa = PBXFileReference; fileEncoding = 4; lastKnownFileType = sourcecode.c.h; path = "NSData+AES128TL.h"; sourceTree = "<group>"; };
		8582378F22DEF9AD0029F54E /* TTAES128Encrypter.h */ = {isa = PBXFileReference; fileEncoding = 4; lastKnownFileType = sourcecode.c.h; path = TTAES128Encrypter.h; sourceTree = "<group>"; };
		8582379022DEF9AD0029F54E /* NSData+AES128TL.m */ = {isa = PBXFileReference; fileEncoding = 4; lastKnownFileType = sourcecode.c.objc; path = "NSData+AES128TL.m"; sourceTree = "<group>"; };
		8582379322DEF9AD0029F54E /* TTApp.m */ = {isa = PBXFileReference; fileEncoding = 4; lastKnownFileType = sourcecode.c.objc; path = TTApp.m; sourceTree = "<group>"; };
		8582379422DEF9AD0029F54E /* TTApp.h */ = {isa = PBXFileReference; fileEncoding = 4; lastKnownFileType = sourcecode.c.h; path = TTApp.h; sourceTree = "<group>"; };
		8582379722DEF9AD0029F54E /* SSKeychain.h */ = {isa = PBXFileReference; fileEncoding = 4; lastKnownFileType = sourcecode.c.h; path = SSKeychain.h; sourceTree = "<group>"; };
		8582379822DEF9AD0029F54E /* TTKeychainManager.h */ = {isa = PBXFileReference; fileEncoding = 4; lastKnownFileType = sourcecode.c.h; path = TTKeychainManager.h; sourceTree = "<group>"; };
		8582379922DEF9AD0029F54E /* SSKeychain.m */ = {isa = PBXFileReference; fileEncoding = 4; lastKnownFileType = sourcecode.c.objc; path = SSKeychain.m; sourceTree = "<group>"; };
		8582379A22DEF9AD0029F54E /* TTKeychainManager.m */ = {isa = PBXFileReference; fileEncoding = 4; lastKnownFileType = sourcecode.c.objc; path = TTKeychainManager.m; sourceTree = "<group>"; };
		8582379B22DEF9AD0029F54E /* TTCache.h */ = {isa = PBXFileReference; fileEncoding = 4; lastKnownFileType = sourcecode.c.h; path = TTCache.h; sourceTree = "<group>"; };
		8582379D22DEF9AD0029F54E /* TTPermissionManager.h */ = {isa = PBXFileReference; fileEncoding = 4; lastKnownFileType = sourcecode.c.h; path = TTPermissionManager.h; sourceTree = "<group>"; };
		8582379E22DEF9AD0029F54E /* TTPermissionManager.m */ = {isa = PBXFileReference; fileEncoding = 4; lastKnownFileType = sourcecode.c.objc; path = TTPermissionManager.m; sourceTree = "<group>"; };
		8582379F22DEF9AD0029F54E /* TTHelper.h */ = {isa = PBXFileReference; fileEncoding = 4; lastKnownFileType = sourcecode.c.h; path = TTHelper.h; sourceTree = "<group>"; };
		858237A122DEF9AD0029F54E /* TTCategoriesHeader.h */ = {isa = PBXFileReference; fileEncoding = 4; lastKnownFileType = sourcecode.c.h; path = TTCategoriesHeader.h; sourceTree = "<group>"; };
		858237A422DEF9AD0029F54E /* UIImage+TTCode.m */ = {isa = PBXFileReference; fileEncoding = 4; lastKnownFileType = sourcecode.c.objc; path = "UIImage+TTCode.m"; sourceTree = "<group>"; };
		858237A522DEF9AD0029F54E /* UIImage+TTCode.h */ = {isa = PBXFileReference; fileEncoding = 4; lastKnownFileType = sourcecode.c.h; path = "UIImage+TTCode.h"; sourceTree = "<group>"; };
		858237A722DEF9AD0029F54E /* UIApplication+TTKeyWindow.h */ = {isa = PBXFileReference; fileEncoding = 4; lastKnownFileType = sourcecode.c.h; path = "UIApplication+TTKeyWindow.h"; sourceTree = "<group>"; };
		858237A822DEF9AD0029F54E /* UIApplication+TTKeyWindow.m */ = {isa = PBXFileReference; fileEncoding = 4; lastKnownFileType = sourcecode.c.objc; path = "UIApplication+TTKeyWindow.m"; sourceTree = "<group>"; };
		858237AA22DEF9AD0029F54E /* UIColor+TTHex.m */ = {isa = PBXFileReference; fileEncoding = 4; lastKnownFileType = sourcecode.c.objc; path = "UIColor+TTHex.m"; sourceTree = "<group>"; };
		858237AB22DEF9AD0029F54E /* UIColor+TTHex.h */ = {isa = PBXFileReference; fileEncoding = 4; lastKnownFileType = sourcecode.c.h; path = "UIColor+TTHex.h"; sourceTree = "<group>"; };
		858237AD22DEF9AD0029F54E /* UIAlertController+TTAlert.m */ = {isa = PBXFileReference; fileEncoding = 4; lastKnownFileType = sourcecode.c.objc; path = "UIAlertController+TTAlert.m"; sourceTree = "<group>"; };
		858237AE22DEF9AD0029F54E /* UIAlertController+TTAlert.h */ = {isa = PBXFileReference; fileEncoding = 4; lastKnownFileType = sourcecode.c.h; path = "UIAlertController+TTAlert.h"; sourceTree = "<group>"; };
		858237B022DEF9AD0029F54E /* UIView+SYJXibConfiguration.m */ = {isa = PBXFileReference; fileEncoding = 4; lastKnownFileType = sourcecode.c.objc; path = "UIView+SYJXibConfiguration.m"; sourceTree = "<group>"; };
		858237B122DEF9AD0029F54E /* UIView+SYJXibConfiguration.h */ = {isa = PBXFileReference; fileEncoding = 4; lastKnownFileType = sourcecode.c.h; path = "UIView+SYJXibConfiguration.h"; sourceTree = "<group>"; };
		858237B322DEF9AD0029F54E /* UIStoryboard+TTCategory.h */ = {isa = PBXFileReference; fileEncoding = 4; lastKnownFileType = sourcecode.c.h; path = "UIStoryboard+TTCategory.h"; sourceTree = "<group>"; };
		858237B422DEF9AD0029F54E /* UIStoryboard+TTCategory.m */ = {isa = PBXFileReference; fileEncoding = 4; lastKnownFileType = sourcecode.c.objc; path = "UIStoryboard+TTCategory.m"; sourceTree = "<group>"; };
		858237B622DEF9AD0029F54E /* UIFont+TTPingFang.h */ = {isa = PBXFileReference; fileEncoding = 4; lastKnownFileType = sourcecode.c.h; path = "UIFont+TTPingFang.h"; sourceTree = "<group>"; };
		858237B722DEF9AD0029F54E /* UIFont+TTPingFang.m */ = {isa = PBXFileReference; fileEncoding = 4; lastKnownFileType = sourcecode.c.objc; path = "UIFont+TTPingFang.m"; sourceTree = "<group>"; };
		858237B822DEF9AD0029F54E /* TTUIKit.h */ = {isa = PBXFileReference; fileEncoding = 4; lastKnownFileType = sourcecode.c.h; path = TTUIKit.h; sourceTree = "<group>"; };
		858237BA22DEF9AD0029F54E /* UIViewController+TTAlert.m */ = {isa = PBXFileReference; fileEncoding = 4; lastKnownFileType = sourcecode.c.objc; path = "UIViewController+TTAlert.m"; sourceTree = "<group>"; };
		858237BB22DEF9AD0029F54E /* UIViewController+TTNavBar.h */ = {isa = PBXFileReference; fileEncoding = 4; lastKnownFileType = sourcecode.c.h; path = "UIViewController+TTNavBar.h"; sourceTree = "<group>"; };
		858237BC22DEF9AD0029F54E /* UIViewController+TTNavBar.m */ = {isa = PBXFileReference; fileEncoding = 4; lastKnownFileType = sourcecode.c.objc; path = "UIViewController+TTNavBar.m"; sourceTree = "<group>"; };
		858237BD22DEF9AD0029F54E /* UIViewController+TTAlert.h */ = {isa = PBXFileReference; fileEncoding = 4; lastKnownFileType = sourcecode.c.h; path = "UIViewController+TTAlert.h"; sourceTree = "<group>"; };
		858237C022DEF9AD0029F54E /* NSDictionary+String.h */ = {isa = PBXFileReference; fileEncoding = 4; lastKnownFileType = sourcecode.c.h; path = "NSDictionary+String.h"; sourceTree = "<group>"; };
		858237C122DEF9AD0029F54E /* NSDictionary+String.m */ = {isa = PBXFileReference; fileEncoding = 4; lastKnownFileType = sourcecode.c.objc; path = "NSDictionary+String.m"; sourceTree = "<group>"; };
		858237C322DEF9AD0029F54E /* NSBundle+TTBundle.m */ = {isa = PBXFileReference; fileEncoding = 4; lastKnownFileType = sourcecode.c.objc; path = "NSBundle+TTBundle.m"; sourceTree = "<group>"; };
		858237C422DEF9AD0029F54E /* NSBundle+TTBundle.h */ = {isa = PBXFileReference; fileEncoding = 4; lastKnownFileType = sourcecode.c.h; path = "NSBundle+TTBundle.h"; sourceTree = "<group>"; };
		858237C622DEF9AD0029F54E /* NSFileManager+TTFile.m */ = {isa = PBXFileReference; fileEncoding = 4; lastKnownFileType = sourcecode.c.objc; path = "NSFileManager+TTFile.m"; sourceTree = "<group>"; };
		858237C722DEF9AD0029F54E /* NSFileManager+TTFile.h */ = {isa = PBXFileReference; fileEncoding = 4; lastKnownFileType = sourcecode.c.h; path = "NSFileManager+TTFile.h"; sourceTree = "<group>"; };
		858237C922DEF9AD0029F54E /* NSString+TTRegularExpression.m */ = {isa = PBXFileReference; fileEncoding = 4; lastKnownFileType = sourcecode.c.objc; path = "NSString+TTRegularExpression.m"; sourceTree = "<group>"; };
		858237CA22DEF9AD0029F54E /* NSString+TTRegularExpression.h */ = {isa = PBXFileReference; fileEncoding = 4; lastKnownFileType = sourcecode.c.h; path = "NSString+TTRegularExpression.h"; sourceTree = "<group>"; };
		858237CC22DEF9AD0029F54E /* NSArray+TTPlist.h */ = {isa = PBXFileReference; fileEncoding = 4; lastKnownFileType = sourcecode.c.h; path = "NSArray+TTPlist.h"; sourceTree = "<group>"; };
		858237CD22DEF9AD0029F54E /* NSArray+TTPlist.m */ = {isa = PBXFileReference; fileEncoding = 4; lastKnownFileType = sourcecode.c.objc; path = "NSArray+TTPlist.m"; sourceTree = "<group>"; };
		858237CF22DEF9AD0029F54E /* NSObject+TTKVO.h */ = {isa = PBXFileReference; fileEncoding = 4; lastKnownFileType = sourcecode.c.h; path = "NSObject+TTKVO.h"; sourceTree = "<group>"; };
		858237D022DEF9AD0029F54E /* NSObject+TTKVO.m */ = {isa = PBXFileReference; fileEncoding = 4; lastKnownFileType = sourcecode.c.objc; path = "NSObject+TTKVO.m"; sourceTree = "<group>"; };
		858237D122DEF9AD0029F54E /* TTFoundation.h */ = {isa = PBXFileReference; fileEncoding = 4; lastKnownFileType = sourcecode.c.h; path = TTFoundation.h; sourceTree = "<group>"; };
		858237D422DEF9AD0029F54E /* MacroHeader.h */ = {isa = PBXFileReference; fileEncoding = 4; lastKnownFileType = sourcecode.c.h; path = MacroHeader.h; sourceTree = "<group>"; };
		858237D622DEF9AD0029F54E /* BYFoundationLog.m */ = {isa = PBXFileReference; fileEncoding = 4; lastKnownFileType = sourcecode.c.objc; path = BYFoundationLog.m; sourceTree = "<group>"; };
		858237F322DF18CA0029F54E /* DetailsViewController.h */ = {isa = PBXFileReference; lastKnownFileType = sourcecode.c.h; path = DetailsViewController.h; sourceTree = "<group>"; };
		858237F422DF18CA0029F54E /* DetailsViewController.m */ = {isa = PBXFileReference; lastKnownFileType = sourcecode.c.objc; path = DetailsViewController.m; sourceTree = "<group>"; };
		8589BD7622D5864B000BBE14 /* ThirdPartySDK.app */ = {isa = PBXFileReference; explicitFileType = wrapper.application; includeInIndex = 0; path = ThirdPartySDK.app; sourceTree = BUILT_PRODUCTS_DIR; };
		8589BD7922D5864B000BBE14 /* AppDelegate.h */ = {isa = PBXFileReference; lastKnownFileType = sourcecode.c.h; path = AppDelegate.h; sourceTree = "<group>"; };
		8589BD7A22D5864B000BBE14 /* AppDelegate.m */ = {isa = PBXFileReference; lastKnownFileType = sourcecode.c.objc; path = AppDelegate.m; sourceTree = "<group>"; };
		8589BD7C22D5864B000BBE14 /* ViewController.h */ = {isa = PBXFileReference; lastKnownFileType = sourcecode.c.h; path = ViewController.h; sourceTree = "<group>"; };
		8589BD7D22D5864B000BBE14 /* ViewController.m */ = {isa = PBXFileReference; lastKnownFileType = sourcecode.c.objc; path = ViewController.m; sourceTree = "<group>"; };
		8589BD8022D5864B000BBE14 /* Base */ = {isa = PBXFileReference; lastKnownFileType = file.storyboard; name = Base; path = Base.lproj/Main.storyboard; sourceTree = "<group>"; };
		8589BD8222D5864D000BBE14 /* Assets.xcassets */ = {isa = PBXFileReference; lastKnownFileType = folder.assetcatalog; path = Assets.xcassets; sourceTree = "<group>"; };
		8589BD8522D5864D000BBE14 /* Base */ = {isa = PBXFileReference; lastKnownFileType = file.storyboard; name = Base; path = Base.lproj/LaunchScreen.storyboard; sourceTree = "<group>"; };
		8589BD8722D5864D000BBE14 /* Info.plist */ = {isa = PBXFileReference; lastKnownFileType = text.plist.xml; path = Info.plist; sourceTree = "<group>"; };
		8589BD8822D5864D000BBE14 /* main.m */ = {isa = PBXFileReference; lastKnownFileType = sourcecode.c.objc; path = main.m; sourceTree = "<group>"; };
		8589BD8E22D5864D000BBE14 /* ThirdPartySDKTests.xctest */ = {isa = PBXFileReference; explicitFileType = wrapper.cfbundle; includeInIndex = 0; path = ThirdPartySDKTests.xctest; sourceTree = BUILT_PRODUCTS_DIR; };
		8589BD9222D5864D000BBE14 /* ThirdPartySDKTests.m */ = {isa = PBXFileReference; lastKnownFileType = sourcecode.c.objc; path = ThirdPartySDKTests.m; sourceTree = "<group>"; };
		8589BD9422D5864D000BBE14 /* Info.plist */ = {isa = PBXFileReference; lastKnownFileType = text.plist.xml; path = Info.plist; sourceTree = "<group>"; };
		8589BD9922D5864D000BBE14 /* ThirdPartySDKUITests.xctest */ = {isa = PBXFileReference; explicitFileType = wrapper.cfbundle; includeInIndex = 0; path = ThirdPartySDKUITests.xctest; sourceTree = BUILT_PRODUCTS_DIR; };
		8589BD9D22D5864D000BBE14 /* ThirdPartySDKUITests.m */ = {isa = PBXFileReference; lastKnownFileType = sourcecode.c.objc; path = ThirdPartySDKUITests.m; sourceTree = "<group>"; };
		8589BD9F22D5864D000BBE14 /* Info.plist */ = {isa = PBXFileReference; lastKnownFileType = text.plist.xml; path = Info.plist; sourceTree = "<group>"; };
		8589BDAB22D58EF0000BBE14 /* README.md */ = {isa = PBXFileReference; lastKnownFileType = net.daringfireball.markdown; path = README.md; sourceTree = "<group>"; };
		8589BDAC22D59028000BBE14 /* PrefixHeader.pch */ = {isa = PBXFileReference; lastKnownFileType = sourcecode.c.h; path = PrefixHeader.pch; sourceTree = "<group>"; };
		BDC3B5ECA8651C868B6B7CFD /* Pods-ThirdPartySDK.debug.xcconfig */ = {isa = PBXFileReference; includeInIndex = 1; lastKnownFileType = text.xcconfig; name = "Pods-ThirdPartySDK.debug.xcconfig"; path = "Target Support Files/Pods-ThirdPartySDK/Pods-ThirdPartySDK.debug.xcconfig"; sourceTree = "<group>"; };
		DCF7C6AFE09C1DA5F7322AFC /* Pods_ThirdPartySDKUITests.framework */ = {isa = PBXFileReference; explicitFileType = wrapper.framework; includeInIndex = 0; path = Pods_ThirdPartySDKUITests.framework; sourceTree = BUILT_PRODUCTS_DIR; };
		ECA96F002123F151A94569E5 /* Pods-ThirdPartySDK.release.xcconfig */ = {isa = PBXFileReference; includeInIndex = 1; lastKnownFileType = text.xcconfig; name = "Pods-ThirdPartySDK.release.xcconfig"; path = "Target Support Files/Pods-ThirdPartySDK/Pods-ThirdPartySDK.release.xcconfig"; sourceTree = "<group>"; };
/* End PBXFileReference section */

/* Begin PBXFrameworksBuildPhase section */
		8589BD7322D5864B000BBE14 /* Frameworks */ = {
			isa = PBXFrameworksBuildPhase;
			buildActionMask = 2147483647;
			files = (
				73D4F8FA7F36FF441D18C69C /* Pods_ThirdPartySDK.framework in Frameworks */,
			);
			runOnlyForDeploymentPostprocessing = 0;
		};
		8589BD8B22D5864D000BBE14 /* Frameworks */ = {
			isa = PBXFrameworksBuildPhase;
			buildActionMask = 2147483647;
			files = (
				D0B80802307E3FAACCB44840 /* Pods_ThirdPartySDKTests.framework in Frameworks */,
			);
			runOnlyForDeploymentPostprocessing = 0;
		};
		8589BD9622D5864D000BBE14 /* Frameworks */ = {
			isa = PBXFrameworksBuildPhase;
			buildActionMask = 2147483647;
			files = (
				DF2025630EED36944BEF7BB4 /* Pods_ThirdPartySDKUITests.framework in Frameworks */,
			);
			runOnlyForDeploymentPostprocessing = 0;
		};
/* End PBXFrameworksBuildPhase section */

/* Begin PBXGroup section */
		6172A788AA5F5B860C363E12 /* Frameworks */ = {
			isa = PBXGroup;
			children = (
				1D4D05423CE5079B002D78D6 /* Pods_ThirdPartySDK.framework */,
				759664032705F5B2185F3E3E /* Pods_ThirdPartySDKTests.framework */,
				DCF7C6AFE09C1DA5F7322AFC /* Pods_ThirdPartySDKUITests.framework */,
			);
			name = Frameworks;
			sourceTree = "<group>";
		};
		8582377822DEF9AD0029F54E /* TTTool */ = {
			isa = PBXGroup;
			children = (
				8582377922DEF9AD0029F54E /* NetWork */,
				8582377F22DEF9AD0029F54E /* UITools */,
				8582378722DEF9AD0029F54E /* TTTool.h */,
				8582378822DEF9AD0029F54E /* TTTool_README.md */,
				8582378922DEF9AD0029F54E /* Helper */,
				858237A022DEF9AD0029F54E /* Categories */,
				858237D222DEF9AD0029F54E /* Macro(宏定义) */,
				858237D522DEF9AD0029F54E /* Debug */,
			);
			path = TTTool;
			sourceTree = "<group>";
		};
		8582377922DEF9AD0029F54E /* NetWork */ = {
			isa = PBXGroup;
			children = (
				8582377A22DEF9AD0029F54E /* Request */,
				8582377E22DEF9AD0029F54E /* TTNetWork.h */,
			);
			path = NetWork;
			sourceTree = "<group>";
		};
		8582377A22DEF9AD0029F54E /* Request */ = {
			isa = PBXGroup;
			children = (
				8582377B22DEF9AD0029F54E /* TTRequestManager.h */,
				8582377C22DEF9AD0029F54E /* RequestHeader.h */,
				8582377D22DEF9AD0029F54E /* TTRequestManager.m */,
			);
			path = Request;
			sourceTree = "<group>";
		};
		8582377F22DEF9AD0029F54E /* UITools */ = {
			isa = PBXGroup;
			children = (
				8582378022DEF9AD0029F54E /* Toast */,
				8582378322DEF9AD0029F54E /* ErrorView */,
				8582378622DEF9AD0029F54E /* TTUITools.h */,
			);
			path = UITools;
			sourceTree = "<group>";
		};
		8582378022DEF9AD0029F54E /* Toast */ = {
			isa = PBXGroup;
			children = (
				8582378122DEF9AD0029F54E /* TTToastTool.m */,
				8582378222DEF9AD0029F54E /* TTToastTool.h */,
			);
			path = Toast;
			sourceTree = "<group>";
		};
		8582378322DEF9AD0029F54E /* ErrorView */ = {
			isa = PBXGroup;
			children = (
				8582378422DEF9AD0029F54E /* TTErrorView.m */,
				8582378522DEF9AD0029F54E /* TTErrorView.h */,
			);
			path = ErrorView;
			sourceTree = "<group>";
		};
		8582378922DEF9AD0029F54E /* Helper */ = {
			isa = PBXGroup;
			children = (
				8582378A22DEF9AD0029F54E /* Encryption */,
				8582379222DEF9AD0029F54E /* App */,
				8582379522DEF9AD0029F54E /* Cache */,
				8582379C22DEF9AD0029F54E /* Permission(权限申请) */,
				8582379F22DEF9AD0029F54E /* TTHelper.h */,
			);
			path = Helper;
			sourceTree = "<group>";
		};
		8582378A22DEF9AD0029F54E /* Encryption */ = {
			isa = PBXGroup;
			children = (
				8582378B22DEF9AD0029F54E /* TTEncryptHeader.h */,
				8582378C22DEF9AD0029F54E /* AES128 */,
			);
			path = Encryption;
			sourceTree = "<group>";
		};
		8582378C22DEF9AD0029F54E /* AES128 */ = {
			isa = PBXGroup;
			children = (
				8582378D22DEF9AD0029F54E /* TTAES128Encrypter.m */,
				8582378E22DEF9AD0029F54E /* NSData+AES128TL.h */,
				8582378F22DEF9AD0029F54E /* TTAES128Encrypter.h */,
				8582379022DEF9AD0029F54E /* NSData+AES128TL.m */,
			);
			path = AES128;
			sourceTree = "<group>";
		};
		8582379222DEF9AD0029F54E /* App */ = {
			isa = PBXGroup;
			children = (
				8582379322DEF9AD0029F54E /* TTApp.m */,
				8582379422DEF9AD0029F54E /* TTApp.h */,
			);
			path = App;
			sourceTree = "<group>";
		};
		8582379522DEF9AD0029F54E /* Cache */ = {
			isa = PBXGroup;
			children = (
				8582379622DEF9AD0029F54E /* Keychain */,
				8582379B22DEF9AD0029F54E /* TTCache.h */,
			);
			path = Cache;
			sourceTree = "<group>";
		};
		8582379622DEF9AD0029F54E /* Keychain */ = {
			isa = PBXGroup;
			children = (
				8582379722DEF9AD0029F54E /* SSKeychain.h */,
				8582379822DEF9AD0029F54E /* TTKeychainManager.h */,
				8582379922DEF9AD0029F54E /* SSKeychain.m */,
				8582379A22DEF9AD0029F54E /* TTKeychainManager.m */,
			);
			path = Keychain;
			sourceTree = "<group>";
		};
		8582379C22DEF9AD0029F54E /* Permission(权限申请) */ = {
			isa = PBXGroup;
			children = (
				8582379D22DEF9AD0029F54E /* TTPermissionManager.h */,
				8582379E22DEF9AD0029F54E /* TTPermissionManager.m */,
			);
			path = "Permission(权限申请)";
			sourceTree = "<group>";
		};
		858237A022DEF9AD0029F54E /* Categories */ = {
			isa = PBXGroup;
			children = (
				858237A122DEF9AD0029F54E /* TTCategoriesHeader.h */,
				858237A222DEF9AD0029F54E /* UIKit */,
				858237BE22DEF9AD0029F54E /* Foundation */,
			);
			path = Categories;
			sourceTree = "<group>";
		};
		858237A222DEF9AD0029F54E /* UIKit */ = {
			isa = PBXGroup;
			children = (
				858237A322DEF9AD0029F54E /* UIImage */,
				858237A622DEF9AD0029F54E /* UIApplication */,
				858237A922DEF9AD0029F54E /* UIColor */,
				858237AC22DEF9AD0029F54E /* UIAlertController */,
				858237AF22DEF9AD0029F54E /* UIView */,
				858237B222DEF9AD0029F54E /* UIStoryboard */,
				858237B522DEF9AD0029F54E /* UIFont */,
				858237B822DEF9AD0029F54E /* TTUIKit.h */,
				858237B922DEF9AD0029F54E /* UIViewController */,
			);
			path = UIKit;
			sourceTree = "<group>";
		};
		858237A322DEF9AD0029F54E /* UIImage */ = {
			isa = PBXGroup;
			children = (
				858237A422DEF9AD0029F54E /* UIImage+TTCode.m */,
				858237A522DEF9AD0029F54E /* UIImage+TTCode.h */,
			);
			path = UIImage;
			sourceTree = "<group>";
		};
		858237A622DEF9AD0029F54E /* UIApplication */ = {
			isa = PBXGroup;
			children = (
				858237A722DEF9AD0029F54E /* UIApplication+TTKeyWindow.h */,
				858237A822DEF9AD0029F54E /* UIApplication+TTKeyWindow.m */,
			);
			path = UIApplication;
			sourceTree = "<group>";
		};
		858237A922DEF9AD0029F54E /* UIColor */ = {
			isa = PBXGroup;
			children = (
				858237AA22DEF9AD0029F54E /* UIColor+TTHex.m */,
				858237AB22DEF9AD0029F54E /* UIColor+TTHex.h */,
			);
			path = UIColor;
			sourceTree = "<group>";
		};
		858237AC22DEF9AD0029F54E /* UIAlertController */ = {
			isa = PBXGroup;
			children = (
				858237AD22DEF9AD0029F54E /* UIAlertController+TTAlert.m */,
				858237AE22DEF9AD0029F54E /* UIAlertController+TTAlert.h */,
			);
			path = UIAlertController;
			sourceTree = "<group>";
		};
		858237AF22DEF9AD0029F54E /* UIView */ = {
			isa = PBXGroup;
			children = (
				858237B022DEF9AD0029F54E /* UIView+SYJXibConfiguration.m */,
				858237B122DEF9AD0029F54E /* UIView+SYJXibConfiguration.h */,
			);
			path = UIView;
			sourceTree = "<group>";
		};
		858237B222DEF9AD0029F54E /* UIStoryboard */ = {
			isa = PBXGroup;
			children = (
				858237B322DEF9AD0029F54E /* UIStoryboard+TTCategory.h */,
				858237B422DEF9AD0029F54E /* UIStoryboard+TTCategory.m */,
			);
			path = UIStoryboard;
			sourceTree = "<group>";
		};
		858237B522DEF9AD0029F54E /* UIFont */ = {
			isa = PBXGroup;
			children = (
				858237B622DEF9AD0029F54E /* UIFont+TTPingFang.h */,
				858237B722DEF9AD0029F54E /* UIFont+TTPingFang.m */,
			);
			path = UIFont;
			sourceTree = "<group>";
		};
		858237B922DEF9AD0029F54E /* UIViewController */ = {
			isa = PBXGroup;
			children = (
				858237BA22DEF9AD0029F54E /* UIViewController+TTAlert.m */,
				858237BB22DEF9AD0029F54E /* UIViewController+TTNavBar.h */,
				858237BC22DEF9AD0029F54E /* UIViewController+TTNavBar.m */,
				858237BD22DEF9AD0029F54E /* UIViewController+TTAlert.h */,
			);
			path = UIViewController;
			sourceTree = "<group>";
		};
		858237BE22DEF9AD0029F54E /* Foundation */ = {
			isa = PBXGroup;
			children = (
				858237BF22DEF9AD0029F54E /* NSDictionary */,
				858237C222DEF9AD0029F54E /* NSBundle */,
				858237C522DEF9AD0029F54E /* NSFileManager */,
				858237C822DEF9AD0029F54E /* NSString */,
				858237CB22DEF9AD0029F54E /* NSArray */,
				858237CE22DEF9AD0029F54E /* NSObject */,
				858237D122DEF9AD0029F54E /* TTFoundation.h */,
			);
			path = Foundation;
			sourceTree = "<group>";
		};
		858237BF22DEF9AD0029F54E /* NSDictionary */ = {
			isa = PBXGroup;
			children = (
				858237C022DEF9AD0029F54E /* NSDictionary+String.h */,
				858237C122DEF9AD0029F54E /* NSDictionary+String.m */,
			);
			path = NSDictionary;
			sourceTree = "<group>";
		};
		858237C222DEF9AD0029F54E /* NSBundle */ = {
			isa = PBXGroup;
			children = (
				858237C322DEF9AD0029F54E /* NSBundle+TTBundle.m */,
				858237C422DEF9AD0029F54E /* NSBundle+TTBundle.h */,
			);
			path = NSBundle;
			sourceTree = "<group>";
		};
		858237C522DEF9AD0029F54E /* NSFileManager */ = {
			isa = PBXGroup;
			children = (
				858237C622DEF9AD0029F54E /* NSFileManager+TTFile.m */,
				858237C722DEF9AD0029F54E /* NSFileManager+TTFile.h */,
			);
			path = NSFileManager;
			sourceTree = "<group>";
		};
		858237C822DEF9AD0029F54E /* NSString */ = {
			isa = PBXGroup;
			children = (
				858237C922DEF9AD0029F54E /* NSString+TTRegularExpression.m */,
				858237CA22DEF9AD0029F54E /* NSString+TTRegularExpression.h */,
			);
			path = NSString;
			sourceTree = "<group>";
		};
		858237CB22DEF9AD0029F54E /* NSArray */ = {
			isa = PBXGroup;
			children = (
				858237CC22DEF9AD0029F54E /* NSArray+TTPlist.h */,
				858237CD22DEF9AD0029F54E /* NSArray+TTPlist.m */,
			);
			path = NSArray;
			sourceTree = "<group>";
		};
		858237CE22DEF9AD0029F54E /* NSObject */ = {
			isa = PBXGroup;
			children = (
				858237CF22DEF9AD0029F54E /* NSObject+TTKVO.h */,
				858237D022DEF9AD0029F54E /* NSObject+TTKVO.m */,
			);
			path = NSObject;
			sourceTree = "<group>";
		};
		858237D222DEF9AD0029F54E /* Macro(宏定义) */ = {
			isa = PBXGroup;
			children = (
				858237D422DEF9AD0029F54E /* MacroHeader.h */,
			);
			path = "Macro(宏定义)";
			sourceTree = "<group>";
		};
		858237D522DEF9AD0029F54E /* Debug */ = {
			isa = PBXGroup;
			children = (
				858237D622DEF9AD0029F54E /* BYFoundationLog.m */,
			);
			path = Debug;
			sourceTree = "<group>";
		};
		8589BD6D22D5864B000BBE14 = {
			isa = PBXGroup;
			children = (
				8582377822DEF9AD0029F54E /* TTTool */,
				8589BD7822D5864B000BBE14 /* ThirdPartySDK */,
				8589BD9122D5864D000BBE14 /* ThirdPartySDKTests */,
				8589BD9C22D5864D000BBE14 /* ThirdPartySDKUITests */,
				8589BD7722D5864B000BBE14 /* Products */,
				893623527E82B47ABDE6AF5C /* Pods */,
				6172A788AA5F5B860C363E12 /* Frameworks */,
			);
			sourceTree = "<group>";
		};
		8589BD7722D5864B000BBE14 /* Products */ = {
			isa = PBXGroup;
			children = (
				8589BD7622D5864B000BBE14 /* ThirdPartySDK.app */,
				8589BD8E22D5864D000BBE14 /* ThirdPartySDKTests.xctest */,
				8589BD9922D5864D000BBE14 /* ThirdPartySDKUITests.xctest */,
			);
			name = Products;
			sourceTree = "<group>";
		};
		8589BD7822D5864B000BBE14 /* ThirdPartySDK */ = {
			isa = PBXGroup;
			children = (
				8589BDAD22D59077000BBE14 /* ThirdAuthSDK */,
				8589BD7922D5864B000BBE14 /* AppDelegate.h */,
				8589BD7A22D5864B000BBE14 /* AppDelegate.m */,
				8589BD7C22D5864B000BBE14 /* ViewController.h */,
				8589BD7D22D5864B000BBE14 /* ViewController.m */,
				858237F322DF18CA0029F54E /* DetailsViewController.h */,
				858237F422DF18CA0029F54E /* DetailsViewController.m */,
				8589BD7F22D5864B000BBE14 /* Main.storyboard */,
				8589BD8222D5864D000BBE14 /* Assets.xcassets */,
				8589BD8422D5864D000BBE14 /* LaunchScreen.storyboard */,
				8589BD8722D5864D000BBE14 /* Info.plist */,
				8589BD8822D5864D000BBE14 /* main.m */,
				8589BDAC22D59028000BBE14 /* PrefixHeader.pch */,
				8589BDAB22D58EF0000BBE14 /* README.md */,
			);
			path = ThirdPartySDK;
			sourceTree = "<group>";
		};
		8589BD9122D5864D000BBE14 /* ThirdPartySDKTests */ = {
			isa = PBXGroup;
			children = (
				8589BD9222D5864D000BBE14 /* ThirdPartySDKTests.m */,
				8589BD9422D5864D000BBE14 /* Info.plist */,
			);
			path = ThirdPartySDKTests;
			sourceTree = "<group>";
		};
		8589BD9C22D5864D000BBE14 /* ThirdPartySDKUITests */ = {
			isa = PBXGroup;
			children = (
				8589BD9D22D5864D000BBE14 /* ThirdPartySDKUITests.m */,
				8589BD9F22D5864D000BBE14 /* Info.plist */,
			);
			path = ThirdPartySDKUITests;
			sourceTree = "<group>";
		};
		8589BDAD22D59077000BBE14 /* ThirdAuthSDK */ = {
			isa = PBXGroup;
			children = (
				8589BDAE22D5908A000BBE14 /* facebook */,
			);
			path = ThirdAuthSDK;
			sourceTree = "<group>";
		};
		8589BDAE22D5908A000BBE14 /* facebook */ = {
			isa = PBXGroup;
			children = (
				8564B78922DDC9CB001DF514 /* TTFacebookTool.h */,
				8564B78A22DDC9CB001DF514 /* TTFacebookTool.m */,
			);
			path = facebook;
			sourceTree = "<group>";
		};
		893623527E82B47ABDE6AF5C /* Pods */ = {
			isa = PBXGroup;
			children = (
				BDC3B5ECA8651C868B6B7CFD /* Pods-ThirdPartySDK.debug.xcconfig */,
				ECA96F002123F151A94569E5 /* Pods-ThirdPartySDK.release.xcconfig */,
				8555AA24EA83DC078EE95930 /* Pods-ThirdPartySDKTests.debug.xcconfig */,
				4AC4D720957F03B26EF8F767 /* Pods-ThirdPartySDKTests.release.xcconfig */,
				20E32C8D2433CFCF3ACD5429 /* Pods-ThirdPartySDKUITests.debug.xcconfig */,
				3AE71BAFA3DDAA14D4BCB07D /* Pods-ThirdPartySDKUITests.release.xcconfig */,
			);
			path = Pods;
			sourceTree = "<group>";
		};
/* End PBXGroup section */

/* Begin PBXNativeTarget section */
		8589BD7522D5864B000BBE14 /* ThirdPartySDK */ = {
			isa = PBXNativeTarget;
			buildConfigurationList = 8589BDA222D5864D000BBE14 /* Build configuration list for PBXNativeTarget "ThirdPartySDK" */;
			buildPhases = (
				A5213D32E1FFD4BD095B4A6D /* [CP] Check Pods Manifest.lock */,
				8589BD7222D5864B000BBE14 /* Sources */,
				8589BD7322D5864B000BBE14 /* Frameworks */,
				8589BD7422D5864B000BBE14 /* Resources */,
				ADABE81F7C5491D606B9F078 /* [CP] Embed Pods Frameworks */,
			);
			buildRules = (
			);
			dependencies = (
			);
			name = ThirdPartySDK;
			productName = ThirdPartySDK;
			productReference = 8589BD7622D5864B000BBE14 /* ThirdPartySDK.app */;
			productType = "com.apple.product-type.application";
		};
		8589BD8D22D5864D000BBE14 /* ThirdPartySDKTests */ = {
			isa = PBXNativeTarget;
			buildConfigurationList = 8589BDA522D5864D000BBE14 /* Build configuration list for PBXNativeTarget "ThirdPartySDKTests" */;
			buildPhases = (
				9A4B21C65C83646B242DC025 /* [CP] Check Pods Manifest.lock */,
				8589BD8A22D5864D000BBE14 /* Sources */,
				8589BD8B22D5864D000BBE14 /* Frameworks */,
				8589BD8C22D5864D000BBE14 /* Resources */,
			);
			buildRules = (
			);
			dependencies = (
				8589BD9022D5864D000BBE14 /* PBXTargetDependency */,
			);
			name = ThirdPartySDKTests;
			productName = ThirdPartySDKTests;
			productReference = 8589BD8E22D5864D000BBE14 /* ThirdPartySDKTests.xctest */;
			productType = "com.apple.product-type.bundle.unit-test";
		};
		8589BD9822D5864D000BBE14 /* ThirdPartySDKUITests */ = {
			isa = PBXNativeTarget;
			buildConfigurationList = 8589BDA822D5864D000BBE14 /* Build configuration list for PBXNativeTarget "ThirdPartySDKUITests" */;
			buildPhases = (
				268A214E6FF45A4723D189B3 /* [CP] Check Pods Manifest.lock */,
				8589BD9522D5864D000BBE14 /* Sources */,
				8589BD9622D5864D000BBE14 /* Frameworks */,
				8589BD9722D5864D000BBE14 /* Resources */,
			);
			buildRules = (
			);
			dependencies = (
				8589BD9B22D5864D000BBE14 /* PBXTargetDependency */,
			);
			name = ThirdPartySDKUITests;
			productName = ThirdPartySDKUITests;
			productReference = 8589BD9922D5864D000BBE14 /* ThirdPartySDKUITests.xctest */;
			productType = "com.apple.product-type.bundle.ui-testing";
		};
/* End PBXNativeTarget section */

/* Begin PBXProject section */
		8589BD6E22D5864B000BBE14 /* Project object */ = {
			isa = PBXProject;
			attributes = {
				LastUpgradeCheck = 1020;
				ORGANIZATIONNAME = Tongfy;
				TargetAttributes = {
					8589BD7522D5864B000BBE14 = {
						CreatedOnToolsVersion = 10.2.1;
					};
					8589BD8D22D5864D000BBE14 = {
						CreatedOnToolsVersion = 10.2.1;
						TestTargetID = 8589BD7522D5864B000BBE14;
					};
					8589BD9822D5864D000BBE14 = {
						CreatedOnToolsVersion = 10.2.1;
						TestTargetID = 8589BD7522D5864B000BBE14;
					};
				};
			};
			buildConfigurationList = 8589BD7122D5864B000BBE14 /* Build configuration list for PBXProject "ThirdPartySDK" */;
			compatibilityVersion = "Xcode 9.3";
			developmentRegion = en;
			hasScannedForEncodings = 0;
			knownRegions = (
				en,
				Base,
			);
			mainGroup = 8589BD6D22D5864B000BBE14;
			productRefGroup = 8589BD7722D5864B000BBE14 /* Products */;
			projectDirPath = "";
			projectRoot = "";
			targets = (
				8589BD7522D5864B000BBE14 /* ThirdPartySDK */,
				8589BD8D22D5864D000BBE14 /* ThirdPartySDKTests */,
				8589BD9822D5864D000BBE14 /* ThirdPartySDKUITests */,
			);
		};
/* End PBXProject section */

/* Begin PBXResourcesBuildPhase section */
		8589BD7422D5864B000BBE14 /* Resources */ = {
			isa = PBXResourcesBuildPhase;
			buildActionMask = 2147483647;
			files = (
				8589BD8622D5864D000BBE14 /* LaunchScreen.storyboard in Resources */,
				8589BD8322D5864D000BBE14 /* Assets.xcassets in Resources */,
				858237DA22DEF9AD0029F54E /* TTTool_README.md in Resources */,
				8589BD8122D5864B000BBE14 /* Main.storyboard in Resources */,
			);
			runOnlyForDeploymentPostprocessing = 0;
		};
		8589BD8C22D5864D000BBE14 /* Resources */ = {
			isa = PBXResourcesBuildPhase;
			buildActionMask = 2147483647;
			files = (
			);
			runOnlyForDeploymentPostprocessing = 0;
		};
		8589BD9722D5864D000BBE14 /* Resources */ = {
			isa = PBXResourcesBuildPhase;
			buildActionMask = 2147483647;
			files = (
			);
			runOnlyForDeploymentPostprocessing = 0;
		};
/* End PBXResourcesBuildPhase section */

/* Begin PBXShellScriptBuildPhase section */
		268A214E6FF45A4723D189B3 /* [CP] Check Pods Manifest.lock */ = {
			isa = PBXShellScriptBuildPhase;
			buildActionMask = 2147483647;
			files = (
			);
			inputFileListPaths = (
			);
			inputPaths = (
				"${PODS_PODFILE_DIR_PATH}/Podfile.lock",
				"${PODS_ROOT}/Manifest.lock",
			);
			name = "[CP] Check Pods Manifest.lock";
			outputFileListPaths = (
			);
			outputPaths = (
				"$(DERIVED_FILE_DIR)/Pods-ThirdPartySDKUITests-checkManifestLockResult.txt",
			);
			runOnlyForDeploymentPostprocessing = 0;
			shellPath = /bin/sh;
			shellScript = "diff \"${PODS_PODFILE_DIR_PATH}/Podfile.lock\" \"${PODS_ROOT}/Manifest.lock\" > /dev/null\nif [ $? != 0 ] ; then\n    # print error to STDERR\n    echo \"error: The sandbox is not in sync with the Podfile.lock. Run 'pod install' or update your CocoaPods installation.\" >&2\n    exit 1\nfi\n# This output is used by Xcode 'outputs' to avoid re-running this script phase.\necho \"SUCCESS\" > \"${SCRIPT_OUTPUT_FILE_0}\"\n";
			showEnvVarsInLog = 0;
		};
		9A4B21C65C83646B242DC025 /* [CP] Check Pods Manifest.lock */ = {
			isa = PBXShellScriptBuildPhase;
			buildActionMask = 2147483647;
			files = (
			);
			inputFileListPaths = (
			);
			inputPaths = (
				"${PODS_PODFILE_DIR_PATH}/Podfile.lock",
				"${PODS_ROOT}/Manifest.lock",
			);
			name = "[CP] Check Pods Manifest.lock";
			outputFileListPaths = (
			);
			outputPaths = (
				"$(DERIVED_FILE_DIR)/Pods-ThirdPartySDKTests-checkManifestLockResult.txt",
			);
			runOnlyForDeploymentPostprocessing = 0;
			shellPath = /bin/sh;
			shellScript = "diff \"${PODS_PODFILE_DIR_PATH}/Podfile.lock\" \"${PODS_ROOT}/Manifest.lock\" > /dev/null\nif [ $? != 0 ] ; then\n    # print error to STDERR\n    echo \"error: The sandbox is not in sync with the Podfile.lock. Run 'pod install' or update your CocoaPods installation.\" >&2\n    exit 1\nfi\n# This output is used by Xcode 'outputs' to avoid re-running this script phase.\necho \"SUCCESS\" > \"${SCRIPT_OUTPUT_FILE_0}\"\n";
			showEnvVarsInLog = 0;
		};
		A5213D32E1FFD4BD095B4A6D /* [CP] Check Pods Manifest.lock */ = {
			isa = PBXShellScriptBuildPhase;
			buildActionMask = 2147483647;
			files = (
			);
			inputFileListPaths = (
			);
			inputPaths = (
				"${PODS_PODFILE_DIR_PATH}/Podfile.lock",
				"${PODS_ROOT}/Manifest.lock",
			);
			name = "[CP] Check Pods Manifest.lock";
			outputFileListPaths = (
			);
			outputPaths = (
				"$(DERIVED_FILE_DIR)/Pods-ThirdPartySDK-checkManifestLockResult.txt",
			);
			runOnlyForDeploymentPostprocessing = 0;
			shellPath = /bin/sh;
			shellScript = "diff \"${PODS_PODFILE_DIR_PATH}/Podfile.lock\" \"${PODS_ROOT}/Manifest.lock\" > /dev/null\nif [ $? != 0 ] ; then\n    # print error to STDERR\n    echo \"error: The sandbox is not in sync with the Podfile.lock. Run 'pod install' or update your CocoaPods installation.\" >&2\n    exit 1\nfi\n# This output is used by Xcode 'outputs' to avoid re-running this script phase.\necho \"SUCCESS\" > \"${SCRIPT_OUTPUT_FILE_0}\"\n";
			showEnvVarsInLog = 0;
		};
		ADABE81F7C5491D606B9F078 /* [CP] Embed Pods Frameworks */ = {
			isa = PBXShellScriptBuildPhase;
			buildActionMask = 2147483647;
			files = (
			);
			inputFileListPaths = (
				"${PODS_ROOT}/Target Support Files/Pods-ThirdPartySDK/Pods-ThirdPartySDK-frameworks-${CONFIGURATION}-input-files.xcfilelist",
			);
			name = "[CP] Embed Pods Frameworks";
			outputFileListPaths = (
				"${PODS_ROOT}/Target Support Files/Pods-ThirdPartySDK/Pods-ThirdPartySDK-frameworks-${CONFIGURATION}-output-files.xcfilelist",
			);
			runOnlyForDeploymentPostprocessing = 0;
			shellPath = /bin/sh;
			shellScript = "\"${PODS_ROOT}/Target Support Files/Pods-ThirdPartySDK/Pods-ThirdPartySDK-frameworks.sh\"\n";
			showEnvVarsInLog = 0;
		};
/* End PBXShellScriptBuildPhase section */

/* Begin PBXSourcesBuildPhase section */
		8589BD7222D5864B000BBE14 /* Sources */ = {
			isa = PBXSourcesBuildPhase;
			buildActionMask = 2147483647;
			files = (
				8589BD7E22D5864B000BBE14 /* ViewController.m in Sources */,
				858237E022DEF9AD0029F54E /* TTKeychainManager.m in Sources */,
				858237DE22DEF9AD0029F54E /* TTApp.m in Sources */,
				858237D822DEF9AD0029F54E /* TTToastTool.m in Sources */,
				858237E222DEF9AD0029F54E /* UIImage+TTCode.m in Sources */,
				858237D722DEF9AD0029F54E /* TTRequestManager.m in Sources */,
				8589BD8922D5864D000BBE14 /* main.m in Sources */,
				858237ED22DEF9AD0029F54E /* NSFileManager+TTFile.m in Sources */,
				858237EF22DEF9AD0029F54E /* NSArray+TTPlist.m in Sources */,
				8589BD7B22D5864B000BBE14 /* AppDelegate.m in Sources */,
				858237E822DEF9AD0029F54E /* UIFont+TTPingFang.m in Sources */,
				858237DC22DEF9AD0029F54E /* NSData+AES128TL.m in Sources */,
				858237D922DEF9AD0029F54E /* TTErrorView.m in Sources */,
				858237EE22DEF9AD0029F54E /* NSString+TTRegularExpression.m in Sources */,
				858237E722DEF9AD0029F54E /* UIStoryboard+TTCategory.m in Sources */,
				858237E122DEF9AD0029F54E /* TTPermissionManager.m in Sources */,
				858237DF22DEF9AD0029F54E /* SSKeychain.m in Sources */,
				858237EC22DEF9AD0029F54E /* NSBundle+TTBundle.m in Sources */,
				858237E522DEF9AD0029F54E /* UIAlertController+TTAlert.m in Sources */,
				858237DB22DEF9AD0029F54E /* TTAES128Encrypter.m in Sources */,
				858237EA22DEF9AD0029F54E /* UIViewController+TTNavBar.m in Sources */,
				858237F522DF18CA0029F54E /* DetailsViewController.m in Sources */,
				858237E622DEF9AD0029F54E /* UIView+SYJXibConfiguration.m in Sources */,
				858237F022DEF9AD0029F54E /* NSObject+TTKVO.m in Sources */,
				8564B78B22DDC9CB001DF514 /* TTFacebookTool.m in Sources */,
				858237F222DEF9AD0029F54E /* BYFoundationLog.m in Sources */,
				858237E322DEF9AD0029F54E /* UIApplication+TTKeyWindow.m in Sources */,
				858237E422DEF9AD0029F54E /* UIColor+TTHex.m in Sources */,
				858237E922DEF9AD0029F54E /* UIViewController+TTAlert.m in Sources */,
				858237EB22DEF9AD0029F54E /* NSDictionary+String.m in Sources */,
			);
			runOnlyForDeploymentPostprocessing = 0;
		};
		8589BD8A22D5864D000BBE14 /* Sources */ = {
			isa = PBXSourcesBuildPhase;
			buildActionMask = 2147483647;
			files = (
				8589BD9322D5864D000BBE14 /* ThirdPartySDKTests.m in Sources */,
			);
			runOnlyForDeploymentPostprocessing = 0;
		};
		8589BD9522D5864D000BBE14 /* Sources */ = {
			isa = PBXSourcesBuildPhase;
			buildActionMask = 2147483647;
			files = (
				8589BD9E22D5864D000BBE14 /* ThirdPartySDKUITests.m in Sources */,
			);
			runOnlyForDeploymentPostprocessing = 0;
		};
/* End PBXSourcesBuildPhase section */

/* Begin PBXTargetDependency section */
		8589BD9022D5864D000BBE14 /* PBXTargetDependency */ = {
			isa = PBXTargetDependency;
			target = 8589BD7522D5864B000BBE14 /* ThirdPartySDK */;
			targetProxy = 8589BD8F22D5864D000BBE14 /* PBXContainerItemProxy */;
		};
		8589BD9B22D5864D000BBE14 /* PBXTargetDependency */ = {
			isa = PBXTargetDependency;
			target = 8589BD7522D5864B000BBE14 /* ThirdPartySDK */;
			targetProxy = 8589BD9A22D5864D000BBE14 /* PBXContainerItemProxy */;
		};
/* End PBXTargetDependency section */

/* Begin PBXVariantGroup section */
		8589BD7F22D5864B000BBE14 /* Main.storyboard */ = {
			isa = PBXVariantGroup;
			children = (
				8589BD8022D5864B000BBE14 /* Base */,
			);
			name = Main.storyboard;
			sourceTree = "<group>";
		};
		8589BD8422D5864D000BBE14 /* LaunchScreen.storyboard */ = {
			isa = PBXVariantGroup;
			children = (
				8589BD8522D5864D000BBE14 /* Base */,
			);
			name = LaunchScreen.storyboard;
			sourceTree = "<group>";
		};
/* End PBXVariantGroup section */

/* Begin XCBuildConfiguration section */
		8589BDA022D5864D000BBE14 /* Debug */ = {
			isa = XCBuildConfiguration;
			buildSettings = {
				ALWAYS_SEARCH_USER_PATHS = NO;
				CLANG_ANALYZER_NONNULL = YES;
				CLANG_ANALYZER_NUMBER_OBJECT_CONVERSION = YES_AGGRESSIVE;
				CLANG_CXX_LANGUAGE_STANDARD = "gnu++14";
				CLANG_CXX_LIBRARY = "libc++";
				CLANG_ENABLE_MODULES = YES;
				CLANG_ENABLE_OBJC_ARC = YES;
				CLANG_ENABLE_OBJC_WEAK = YES;
				CLANG_WARN_BLOCK_CAPTURE_AUTORELEASING = YES;
				CLANG_WARN_BOOL_CONVERSION = YES;
				CLANG_WARN_COMMA = YES;
				CLANG_WARN_CONSTANT_CONVERSION = YES;
				CLANG_WARN_DEPRECATED_OBJC_IMPLEMENTATIONS = YES;
				CLANG_WARN_DIRECT_OBJC_ISA_USAGE = YES_ERROR;
				CLANG_WARN_DOCUMENTATION_COMMENTS = YES;
				CLANG_WARN_EMPTY_BODY = YES;
				CLANG_WARN_ENUM_CONVERSION = YES;
				CLANG_WARN_INFINITE_RECURSION = YES;
				CLANG_WARN_INT_CONVERSION = YES;
				CLANG_WARN_NON_LITERAL_NULL_CONVERSION = YES;
				CLANG_WARN_OBJC_IMPLICIT_RETAIN_SELF = YES;
				CLANG_WARN_OBJC_LITERAL_CONVERSION = YES;
				CLANG_WARN_OBJC_ROOT_CLASS = YES_ERROR;
				CLANG_WARN_RANGE_LOOP_ANALYSIS = YES;
				CLANG_WARN_STRICT_PROTOTYPES = YES;
				CLANG_WARN_SUSPICIOUS_MOVE = YES;
				CLANG_WARN_UNGUARDED_AVAILABILITY = YES_AGGRESSIVE;
				CLANG_WARN_UNREACHABLE_CODE = YES;
				CLANG_WARN__DUPLICATE_METHOD_MATCH = YES;
				CODE_SIGN_IDENTITY = "iPhone Developer";
				COPY_PHASE_STRIP = NO;
				DEBUG_INFORMATION_FORMAT = dwarf;
				ENABLE_STRICT_OBJC_MSGSEND = YES;
				ENABLE_TESTABILITY = YES;
				GCC_C_LANGUAGE_STANDARD = gnu11;
				GCC_DYNAMIC_NO_PIC = NO;
				GCC_NO_COMMON_BLOCKS = YES;
				GCC_OPTIMIZATION_LEVEL = 0;
				GCC_PREPROCESSOR_DEFINITIONS = (
					"DEBUG=1",
					"$(inherited)",
				);
				GCC_WARN_64_TO_32_BIT_CONVERSION = YES;
				GCC_WARN_ABOUT_RETURN_TYPE = YES_ERROR;
				GCC_WARN_UNDECLARED_SELECTOR = YES;
				GCC_WARN_UNINITIALIZED_AUTOS = YES_AGGRESSIVE;
				GCC_WARN_UNUSED_FUNCTION = YES;
				GCC_WARN_UNUSED_VARIABLE = YES;
				IPHONEOS_DEPLOYMENT_TARGET = 12.2;
				MTL_ENABLE_DEBUG_INFO = INCLUDE_SOURCE;
				MTL_FAST_MATH = YES;
				ONLY_ACTIVE_ARCH = YES;
				SDKROOT = iphoneos;
			};
			name = Debug;
		};
		8589BDA122D5864D000BBE14 /* Release */ = {
			isa = XCBuildConfiguration;
			buildSettings = {
				ALWAYS_SEARCH_USER_PATHS = NO;
				CLANG_ANALYZER_NONNULL = YES;
				CLANG_ANALYZER_NUMBER_OBJECT_CONVERSION = YES_AGGRESSIVE;
				CLANG_CXX_LANGUAGE_STANDARD = "gnu++14";
				CLANG_CXX_LIBRARY = "libc++";
				CLANG_ENABLE_MODULES = YES;
				CLANG_ENABLE_OBJC_ARC = YES;
				CLANG_ENABLE_OBJC_WEAK = YES;
				CLANG_WARN_BLOCK_CAPTURE_AUTORELEASING = YES;
				CLANG_WARN_BOOL_CONVERSION = YES;
				CLANG_WARN_COMMA = YES;
				CLANG_WARN_CONSTANT_CONVERSION = YES;
				CLANG_WARN_DEPRECATED_OBJC_IMPLEMENTATIONS = YES;
				CLANG_WARN_DIRECT_OBJC_ISA_USAGE = YES_ERROR;
				CLANG_WARN_DOCUMENTATION_COMMENTS = YES;
				CLANG_WARN_EMPTY_BODY = YES;
				CLANG_WARN_ENUM_CONVERSION = YES;
				CLANG_WARN_INFINITE_RECURSION = YES;
				CLANG_WARN_INT_CONVERSION = YES;
				CLANG_WARN_NON_LITERAL_NULL_CONVERSION = YES;
				CLANG_WARN_OBJC_IMPLICIT_RETAIN_SELF = YES;
				CLANG_WARN_OBJC_LITERAL_CONVERSION = YES;
				CLANG_WARN_OBJC_ROOT_CLASS = YES_ERROR;
				CLANG_WARN_RANGE_LOOP_ANALYSIS = YES;
				CLANG_WARN_STRICT_PROTOTYPES = YES;
				CLANG_WARN_SUSPICIOUS_MOVE = YES;
				CLANG_WARN_UNGUARDED_AVAILABILITY = YES_AGGRESSIVE;
				CLANG_WARN_UNREACHABLE_CODE = YES;
				CLANG_WARN__DUPLICATE_METHOD_MATCH = YES;
				CODE_SIGN_IDENTITY = "iPhone Developer";
				COPY_PHASE_STRIP = NO;
				DEBUG_INFORMATION_FORMAT = "dwarf-with-dsym";
				ENABLE_NS_ASSERTIONS = NO;
				ENABLE_STRICT_OBJC_MSGSEND = YES;
				GCC_C_LANGUAGE_STANDARD = gnu11;
				GCC_NO_COMMON_BLOCKS = YES;
				GCC_WARN_64_TO_32_BIT_CONVERSION = YES;
				GCC_WARN_ABOUT_RETURN_TYPE = YES_ERROR;
				GCC_WARN_UNDECLARED_SELECTOR = YES;
				GCC_WARN_UNINITIALIZED_AUTOS = YES_AGGRESSIVE;
				GCC_WARN_UNUSED_FUNCTION = YES;
				GCC_WARN_UNUSED_VARIABLE = YES;
				IPHONEOS_DEPLOYMENT_TARGET = 12.2;
				MTL_ENABLE_DEBUG_INFO = NO;
				MTL_FAST_MATH = YES;
				SDKROOT = iphoneos;
				VALIDATE_PRODUCT = YES;
			};
			name = Release;
		};
		8589BDA322D5864D000BBE14 /* Debug */ = {
			isa = XCBuildConfiguration;
			baseConfigurationReference = BDC3B5ECA8651C868B6B7CFD /* Pods-ThirdPartySDK.debug.xcconfig */;
			buildSettings = {
				ASSETCATALOG_COMPILER_APPICON_NAME = AppIcon;
				CODE_SIGN_STYLE = Automatic;
				DEVELOPMENT_TEAM = Q6GAG79FX3;
				GCC_PRECOMPILE_PREFIX_HEADER = YES;
				GCC_PREFIX_HEADER = ThirdPartySDK/PrefixHeader.pch;
				INFOPLIST_FILE = ThirdPartySDK/Info.plist;
				IPHONEOS_DEPLOYMENT_TARGET = 10.0;
				LD_RUNPATH_SEARCH_PATHS = (
					"$(inherited)",
					"@executable_path/Frameworks",
				);
				OTHER_LDFLAGS = (
					"$(inherited)",
					"-l\"z\"",
					"-framework",
					"\"FBSDKCoreKit\"",
					"-framework",
					"\"FBSDKLoginKit\"",
					"-weak_framework",
					"\"Accounts\"",
					"-weak_framework",
					"\"AudioToolbox\"",
					"-weak_framework",
					"\"CoreGraphics\"",
					"-weak_framework",
					"\"CoreLocation\"",
					"-weak_framework",
					"\"Foundation\"",
					"-weak_framework",
					"\"QuartzCore\"",
					"-weak_framework",
					"\"Security\"",
					"-weak_framework",
					"\"Social\"",
					"-weak_framework",
					"\"UIKit\"",
					"-ObjC",
				);
				PRODUCT_BUNDLE_IDENTIFIER = com.tong.ThirdPartySDK;
				PRODUCT_NAME = "$(TARGET_NAME)";
				TARGETED_DEVICE_FAMILY = "1,2";
			};
			name = Debug;
		};
		8589BDA422D5864D000BBE14 /* Release */ = {
			isa = XCBuildConfiguration;
			baseConfigurationReference = ECA96F002123F151A94569E5 /* Pods-ThirdPartySDK.release.xcconfig */;
			buildSettings = {
				ASSETCATALOG_COMPILER_APPICON_NAME = AppIcon;
				CODE_SIGN_STYLE = Automatic;
				DEVELOPMENT_TEAM = Q6GAG79FX3;
				GCC_PRECOMPILE_PREFIX_HEADER = YES;
				GCC_PREFIX_HEADER = ThirdPartySDK/PrefixHeader.pch;
				INFOPLIST_FILE = ThirdPartySDK/Info.plist;
				IPHONEOS_DEPLOYMENT_TARGET = 10.0;
				LD_RUNPATH_SEARCH_PATHS = (
					"$(inherited)",
					"@executable_path/Frameworks",
				);
				OTHER_LDFLAGS = (
					"$(inherited)",
					"-l\"z\"",
					"-framework",
					"\"FBSDKCoreKit\"",
					"-framework",
					"\"FBSDKLoginKit\"",
					"-weak_framework",
					"\"Accounts\"",
					"-weak_framework",
					"\"AudioToolbox\"",
					"-weak_framework",
					"\"CoreGraphics\"",
					"-weak_framework",
					"\"CoreLocation\"",
					"-weak_framework",
					"\"Foundation\"",
					"-weak_framework",
					"\"QuartzCore\"",
					"-weak_framework",
					"\"Security\"",
					"-weak_framework",
					"\"Social\"",
					"-weak_framework",
					"\"UIKit\"",
					"-ObjC",
				);
				PRODUCT_BUNDLE_IDENTIFIER = com.tong.ThirdPartySDK;
				PRODUCT_NAME = "$(TARGET_NAME)";
				TARGETED_DEVICE_FAMILY = "1,2";
			};
			name = Release;
		};
		8589BDA622D5864D000BBE14 /* Debug */ = {
			isa = XCBuildConfiguration;
			baseConfigurationReference = 8555AA24EA83DC078EE95930 /* Pods-ThirdPartySDKTests.debug.xcconfig */;
			buildSettings = {
				BUNDLE_LOADER = "$(TEST_HOST)";
				CODE_SIGN_STYLE = Automatic;
				INFOPLIST_FILE = ThirdPartySDKTests/Info.plist;
				LD_RUNPATH_SEARCH_PATHS = (
					"$(inherited)",
					"@executable_path/Frameworks",
					"@loader_path/Frameworks",
				);
				PRODUCT_BUNDLE_IDENTIFIER = com.tong.ThirdPartySDKTests;
				PRODUCT_NAME = "$(TARGET_NAME)";
				TARGETED_DEVICE_FAMILY = "1,2";
				TEST_HOST = "$(BUILT_PRODUCTS_DIR)/ThirdPartySDK.app/ThirdPartySDK";
			};
			name = Debug;
		};
		8589BDA722D5864D000BBE14 /* Release */ = {
			isa = XCBuildConfiguration;
			baseConfigurationReference = 4AC4D720957F03B26EF8F767 /* Pods-ThirdPartySDKTests.release.xcconfig */;
			buildSettings = {
				BUNDLE_LOADER = "$(TEST_HOST)";
				CODE_SIGN_STYLE = Automatic;
				INFOPLIST_FILE = ThirdPartySDKTests/Info.plist;
				LD_RUNPATH_SEARCH_PATHS = (
					"$(inherited)",
					"@executable_path/Frameworks",
					"@loader_path/Frameworks",
				);
				PRODUCT_BUNDLE_IDENTIFIER = com.tong.ThirdPartySDKTests;
				PRODUCT_NAME = "$(TARGET_NAME)";
				TARGETED_DEVICE_FAMILY = "1,2";
				TEST_HOST = "$(BUILT_PRODUCTS_DIR)/ThirdPartySDK.app/ThirdPartySDK";
			};
			name = Release;
		};
		8589BDA922D5864D000BBE14 /* Debug */ = {
			isa = XCBuildConfiguration;
			baseConfigurationReference = 20E32C8D2433CFCF3ACD5429 /* Pods-ThirdPartySDKUITests.debug.xcconfig */;
			buildSettings = {
				CODE_SIGN_STYLE = Automatic;
				INFOPLIST_FILE = ThirdPartySDKUITests/Info.plist;
				LD_RUNPATH_SEARCH_PATHS = (
					"$(inherited)",
					"@executable_path/Frameworks",
					"@loader_path/Frameworks",
				);
				PRODUCT_BUNDLE_IDENTIFIER = com.tong.ThirdPartySDKUITests;
				PRODUCT_NAME = "$(TARGET_NAME)";
				TARGETED_DEVICE_FAMILY = "1,2";
				TEST_TARGET_NAME = ThirdPartySDK;
			};
			name = Debug;
		};
		8589BDAA22D5864D000BBE14 /* Release */ = {
			isa = XCBuildConfiguration;
			baseConfigurationReference = 3AE71BAFA3DDAA14D4BCB07D /* Pods-ThirdPartySDKUITests.release.xcconfig */;
			buildSettings = {
				CODE_SIGN_STYLE = Automatic;
				INFOPLIST_FILE = ThirdPartySDKUITests/Info.plist;
				LD_RUNPATH_SEARCH_PATHS = (
					"$(inherited)",
					"@executable_path/Frameworks",
					"@loader_path/Frameworks",
				);
				PRODUCT_BUNDLE_IDENTIFIER = com.tong.ThirdPartySDKUITests;
				PRODUCT_NAME = "$(TARGET_NAME)";
				TARGETED_DEVICE_FAMILY = "1,2";
				TEST_TARGET_NAME = ThirdPartySDK;
			};
			name = Release;
		};
/* End XCBuildConfiguration section */

/* Begin XCConfigurationList section */
		8589BD7122D5864B000BBE14 /* Build configuration list for PBXProject "ThirdPartySDK" */ = {
			isa = XCConfigurationList;
			buildConfigurations = (
				8589BDA022D5864D000BBE14 /* Debug */,
				8589BDA122D5864D000BBE14 /* Release */,
			);
			defaultConfigurationIsVisible = 0;
			defaultConfigurationName = Release;
		};
		8589BDA222D5864D000BBE14 /* Build configuration list for PBXNativeTarget "ThirdPartySDK" */ = {
			isa = XCConfigurationList;
			buildConfigurations = (
				8589BDA322D5864D000BBE14 /* Debug */,
				8589BDA422D5864D000BBE14 /* Release */,
			);
			defaultConfigurationIsVisible = 0;
			defaultConfigurationName = Release;
		};
		8589BDA522D5864D000BBE14 /* Build configuration list for PBXNativeTarget "ThirdPartySDKTests" */ = {
			isa = XCConfigurationList;
			buildConfigurations = (
				8589BDA622D5864D000BBE14 /* Debug */,
				8589BDA722D5864D000BBE14 /* Release */,
			);
			defaultConfigurationIsVisible = 0;
			defaultConfigurationName = Release;
		};
		8589BDA822D5864D000BBE14 /* Build configuration list for PBXNativeTarget "ThirdPartySDKUITests" */ = {
			isa = XCConfigurationList;
			buildConfigurations = (
				8589BDA922D5864D000BBE14 /* Debug */,
				8589BDAA22D5864D000BBE14 /* Release */,
			);
			defaultConfigurationIsVisible = 0;
			defaultConfigurationName = Release;
		};
/* End XCConfigurationList section */
	};
	rootObject = 8589BD6E22D5864B000BBE14 /* Project object */;
}
